// !$*UTF8*$!
{
	archiveVersion = 1;
	classes = {
	};
	objectVersion = 46;
	objects = {

/* Begin PBXBuildFile section */
		5C01F2AB1BAAAF1C00365F43 /* DYYTestCheckNumbersAndReturnParentType.c in Sources */ = {isa = PBXBuildFile; fileRef = 5C01F2A91BAAAF1C00365F43 /* DYYTestCheckNumbersAndReturnParentType.c */; };
		5C07EA401C0F1BA40008C2BA /* DYYAlphabet.m in Sources */ = {isa = PBXBuildFile; fileRef = 5C07EA3F1C0F1BA40008C2BA /* DYYAlphabet.m */; settings = {COMPILER_FLAGS = "-fno-objc-arc"; }; };
		5C1556051BC3F4DD00C69799 /* DYYHuman.c in Sources */ = {isa = PBXBuildFile; fileRef = 5C1556031BC3F4DD00C69799 /* DYYHuman.c */; };
		5C16D4351C28108B00865DD5 /* DYYCarwashTest.m in Sources */ = {isa = PBXBuildFile; fileRef = 5C16D4341C28108B00865DD5 /* DYYCarwashTest.m */; settings = {COMPILER_FLAGS = "-fno-objc-arc"; }; };
		5C16D43B1C28256100865DD5 /* libKiwi.a in Frameworks */ = {isa = PBXBuildFile; fileRef = 5C16D43A1C28256100865DD5 /* libKiwi.a */; };
		5C16D43C1C28259F00865DD5 /* DYYCarwashDirector.m in Sources */ = {isa = PBXBuildFile; fileRef = 5C76EA1D1C170901006C007F /* DYYCarwashDirector.m */; settings = {COMPILER_FLAGS = "-fno-objc-arc"; }; };
		5C16D43D1C2825A800865DD5 /* DYYCarwashDirector.h in Sources */ = {isa = PBXBuildFile; fileRef = 5C76EA1C1C170901006C007F /* DYYCarwashDirector.h */; settings = {COMPILER_FLAGS = "-fno-objc-arc"; }; };
		5C16D43E1C2825AD00865DD5 /* DYYCarwashAccountant.m in Sources */ = {isa = PBXBuildFile; fileRef = 5C76EA211C170929006C007F /* DYYCarwashAccountant.m */; settings = {COMPILER_FLAGS = "-fno-objc-arc"; }; };
		5C16D43F1C2825B100865DD5 /* DYYCarwashAccountant.h in Sources */ = {isa = PBXBuildFile; fileRef = 5C76EA201C170929006C007F /* DYYCarwashAccountant.h */; settings = {COMPILER_FLAGS = "-fno-objc-arc"; }; };
		5C16D4401C2825BB00865DD5 /* DYYCarwashWorker.m in Sources */ = {isa = PBXBuildFile; fileRef = 5C76EA251C170957006C007F /* DYYCarwashWorker.m */; settings = {COMPILER_FLAGS = "-fno-objc-arc"; }; };
		5C16D4411C2825C100865DD5 /* DYYCarwashWorker.h in Sources */ = {isa = PBXBuildFile; fileRef = 5C76EA241C170957006C007F /* DYYCarwashWorker.h */; settings = {COMPILER_FLAGS = "-fno-objc-arc"; }; };
		5C16D4421C2825C600865DD5 /* DYYEmployee.m in Sources */ = {isa = PBXBuildFile; fileRef = 5C649A8B1C16E56A008A4583 /* DYYEmployee.m */; settings = {COMPILER_FLAGS = "-fno-objc-arc"; }; };
		5C16D4431C2825CA00865DD5 /* DYYEmployee.h in Sources */ = {isa = PBXBuildFile; fileRef = 5C649A8A1C16E56A008A4583 /* DYYEmployee.h */; settings = {COMPILER_FLAGS = "-fno-objc-arc"; }; };
		5C16D4441C2825CF00865DD5 /* DYYCarwashCar.m in Sources */ = {isa = PBXBuildFile; fileRef = 5C649A871C16E33F008A4583 /* DYYCarwashCar.m */; settings = {COMPILER_FLAGS = "-fno-objc-arc"; }; };
		5C16D4451C2825D300865DD5 /* DYYCarwashCar.h in Sources */ = {isa = PBXBuildFile; fileRef = 5C649A861C16E33F008A4583 /* DYYCarwashCar.h */; settings = {COMPILER_FLAGS = "-fno-objc-arc"; }; };
		5C16D44C1C2825F400865DD5 /* DYYCarwashObserverProtocol.h in Sources */ = {isa = PBXBuildFile; fileRef = 5C79B6A91C201E30001432DB /* DYYCarwashObserverProtocol.h */; settings = {COMPILER_FLAGS = "-fno-objc-arc"; }; };
		5C16D44D1C2825FA00865DD5 /* DYYCarwashMoneyTransferProtocol.h in Sources */ = {isa = PBXBuildFile; fileRef = 5C26D6831C1ADDE300B4B2B5 /* DYYCarwashMoneyTransferProtocol.h */; settings = {COMPILER_FLAGS = "-fno-objc-arc"; }; };
		5C16D44E1C2825FD00865DD5 /* DYYCarwashEnterprise.m in Sources */ = {isa = PBXBuildFile; fileRef = 5C649A6F1C16D7C5008A4583 /* DYYCarwashEnterprise.m */; settings = {COMPILER_FLAGS = "-fno-objc-arc"; }; };
		5C16D44F1C28260400865DD5 /* DYYCarwashEnterprise.h in Sources */ = {isa = PBXBuildFile; fileRef = 5C649A6E1C16D7C5008A4583 /* DYYCarwashEnterprise.h */; settings = {COMPILER_FLAGS = "-fno-objc-arc"; }; };
		5C327A1A1C29884200AB6528 /* DYYCarwashBasicTest.m in Sources */ = {isa = PBXBuildFile; fileRef = 5C327A191C29884200AB6528 /* DYYCarwashBasicTest.m */; settings = {COMPILER_FLAGS = "-fno-objc-arc"; }; };
		5C36F0AF1C0C595400991B03 /* DYYTestRandomString.m in Sources */ = {isa = PBXBuildFile; fileRef = 5C36F0AE1C0C595400991B03 /* DYYTestRandomString.m */; settings = {COMPILER_FLAGS = "-fno-objc-arc"; }; };
		5C4C561B1C0736F200112BF8 /* NSString+DYYExtensions.m in Sources */ = {isa = PBXBuildFile; fileRef = 5C4C561A1C0736F200112BF8 /* NSString+DYYExtensions.m */; settings = {COMPILER_FLAGS = "-fno-objc-arc"; }; };
		5C52B2361C3C0FD000203250 /* DYYCarwashObservableItem.m in Sources */ = {isa = PBXBuildFile; fileRef = 5C52B2351C3C0FD000203250 /* DYYCarwashObservableItem.m */; settings = {ASSET_TAGS = (); }; };
		5C649A701C16D7C5008A4583 /* DYYCarwashEnterprise.m in Sources */ = {isa = PBXBuildFile; fileRef = 5C649A6F1C16D7C5008A4583 /* DYYCarwashEnterprise.m */; settings = {COMPILER_FLAGS = "-fno-objc-arc"; }; };
		5C649A881C16E33F008A4583 /* DYYCarwashCar.m in Sources */ = {isa = PBXBuildFile; fileRef = 5C649A871C16E33F008A4583 /* DYYCarwashCar.m */; settings = {COMPILER_FLAGS = "-fno-objc-arc"; }; };
		5C649A8C1C16E56A008A4583 /* DYYEmployee.m in Sources */ = {isa = PBXBuildFile; fileRef = 5C649A8B1C16E56A008A4583 /* DYYEmployee.m */; settings = {COMPILER_FLAGS = "-fno-objc-arc"; }; };
		5C76EA1E1C170901006C007F /* DYYCarwashDirector.m in Sources */ = {isa = PBXBuildFile; fileRef = 5C76EA1D1C170901006C007F /* DYYCarwashDirector.m */; settings = {COMPILER_FLAGS = "-fno-objc-arc"; }; };
		5C76EA221C170929006C007F /* DYYCarwashAccountant.m in Sources */ = {isa = PBXBuildFile; fileRef = 5C76EA211C170929006C007F /* DYYCarwashAccountant.m */; settings = {COMPILER_FLAGS = "-fno-objc-arc"; }; };
		5C76EA261C170957006C007F /* DYYCarwashWorker.m in Sources */ = {isa = PBXBuildFile; fileRef = 5C76EA251C170957006C007F /* DYYCarwashWorker.m */; settings = {COMPILER_FLAGS = "-fno-objc-arc"; }; };
		5CA59D751BCBC6C700DC661E /* DYYTestDecimalToBinaryOutput.c in Sources */ = {isa = PBXBuildFile; fileRef = 5CA59D731BCBC6C700DC661E /* DYYTestDecimalToBinaryOutput.c */; };
		5CAE40571BB28DAD00F0D3BF /* DYYMacroMethodGenerator.c in Sources */ = {isa = PBXBuildFile; fileRef = 5CAE40551BB28DAD00F0D3BF /* DYYMacroMethodGenerator.c */; };
		5CAE405B1BB2B5DA00F0D3BF /* DYYStructureAlignment.c in Sources */ = {isa = PBXBuildFile; fileRef = 5CAE40591BB2B5DA00F0D3BF /* DYYStructureAlignment.c */; };
		5CB254ED1C0470E400FAAA3D /* DYYCreature.m in Sources */ = {isa = PBXBuildFile; fileRef = 5CB254EC1C0470E400FAAA3D /* DYYCreature.m */; settings = {COMPILER_FLAGS = "-fno-objc-arc"; }; };
		5CB254F01C0470F600FAAA3D /* DYYTestCreatureObjectiveC.m in Sources */ = {isa = PBXBuildFile; fileRef = 5CB254EF1C0470F600FAAA3D /* DYYTestCreatureObjectiveC.m */; settings = {COMPILER_FLAGS = "-fno-objc-arc"; }; };
		5CB254F41C04711700FAAA3D /* DYYCreatureArrayOfChildren.m in Sources */ = {isa = PBXBuildFile; fileRef = 5CB254F31C04711700FAAA3D /* DYYCreatureArrayOfChildren.m */; settings = {COMPILER_FLAGS = "-fno-objc-arc"; }; };
		5CB254F71C0482E800FAAA3D /* DYYCreatureMale.m in Sources */ = {isa = PBXBuildFile; fileRef = 5CB254F61C0482E800FAAA3D /* DYYCreatureMale.m */; settings = {COMPILER_FLAGS = "-fno-objc-arc"; }; };
		5CB254FB1C04832E00FAAA3D /* DYYCreatureFemale.m in Sources */ = {isa = PBXBuildFile; fileRef = 5CB254FA1C04832E00FAAA3D /* DYYCreatureFemale.m */; settings = {COMPILER_FLAGS = "-fno-objc-arc"; }; };
		5CB43FC61BAAD7FD002CE815 /* DYYTestReturnParentTypeAssert.c in Sources */ = {isa = PBXBuildFile; fileRef = 5CB43FC41BAAD7FD002CE815 /* DYYTestReturnParentTypeAssert.c */; };
		5CC56E801BB929090026FE13 /* DYYPrintDecimalToBinaryOutput.c in Sources */ = {isa = PBXBuildFile; fileRef = 5CC56E7E1BB929090026FE13 /* DYYPrintDecimalToBinaryOutput.c */; };
		5CE241CC1BA94BF3003C1A08 /* main.c in Sources */ = {isa = PBXBuildFile; fileRef = 5CE241CB1BA94BF3003C1A08 /* main.c */; };
		5CE241D41BA94FD4003C1A08 /* DYYCheckNumbersAndReturnParentType.c in Sources */ = {isa = PBXBuildFile; fileRef = 5CE241D21BA94FD4003C1A08 /* DYYCheckNumbersAndReturnParentType.c */; };
		5CE241D71BA96134003C1A08 /* DYYSizeOfCheck.c in Sources */ = {isa = PBXBuildFile; fileRef = 5CE241D51BA96134003C1A08 /* DYYSizeOfCheck.c */; };
		5CEE7D201BC6629200876585 /* DYYTestHumanWithStaticArray.c in Sources */ = {isa = PBXBuildFile; fileRef = 5CEE7D1E1BC6629200876585 /* DYYTestHumanWithStaticArray.c */; };
		CE1FCBA01BDE2FA3001DF4C8 /* DYYObject.c in Sources */ = {isa = PBXBuildFile; fileRef = CE1FCB9E1BDE2FA3001DF4C8 /* DYYObject.c */; };
		CE1FCBA41BDE6118001DF4C8 /* DYYString.c in Sources */ = {isa = PBXBuildFile; fileRef = CE1FCBA21BDE6118001DF4C8 /* DYYString.c */; };
		CE4099741BFDC1B00070530B /* main.m in Sources */ = {isa = PBXBuildFile; fileRef = CE4099731BFDC1B00070530B /* main.m */; settings = {COMPILER_FLAGS = "-fno-objc-arc"; }; };
		CEB30E001BF3737400CF9BA6 /* DYYTestHumanWithDynamicArray.c in Sources */ = {isa = PBXBuildFile; fileRef = CEB30DFE1BF3737400CF9BA6 /* DYYTestHumanWithDynamicArray.c */; };
		CEBB47751BE8E91300EBCEA2 /* DYYDynamicArray.c in Sources */ = {isa = PBXBuildFile; fileRef = CEBB47731BE8E91300EBCEA2 /* DYYDynamicArray.c */; };
		CEC926F91BE25A9700F7B926 /* DYYStaticArray.c in Sources */ = {isa = PBXBuildFile; fileRef = CEC926F71BE25A9700F7B926 /* DYYStaticArray.c */; };
		F8E7801F9F2021F126540866 /* libPods-DYYCarwashTest.a in Frameworks */ = {isa = PBXBuildFile; fileRef = 9A6934EE2D429F089CBF48D1 /* libPods-DYYCarwashTest.a */; };
/* End PBXBuildFile section */

/* Begin PBXCopyFilesBuildPhase section */
		5CE241C61BA94BF3003C1A08 /* CopyFiles */ = {
			isa = PBXCopyFilesBuildPhase;
			buildActionMask = 2147483647;
			dstPath = /usr/share/man/man1/;
			dstSubfolderSpec = 0;
			files = (
			);
			runOnlyForDeploymentPostprocessing = 1;
		};
		CE40996F1BFDC1B00070530B /* CopyFiles */ = {
			isa = PBXCopyFilesBuildPhase;
			buildActionMask = 2147483647;
			dstPath = /usr/share/man/man1/;
			dstSubfolderSpec = 0;
			files = (
			);
			runOnlyForDeploymentPostprocessing = 1;
		};
/* End PBXCopyFilesBuildPhase section */

/* Begin PBXFileReference section */
		4D01FDCECFE7B8737E91C3EA /* Pods-DYYCarwashTest.release.xcconfig */ = {isa = PBXFileReference; includeInIndex = 1; lastKnownFileType = text.xcconfig; name = "Pods-DYYCarwashTest.release.xcconfig"; path = "Pods/Target Support Files/Pods-DYYCarwashTest/Pods-DYYCarwashTest.release.xcconfig"; sourceTree = "<group>"; };
		5C01F2A91BAAAF1C00365F43 /* DYYTestCheckNumbersAndReturnParentType.c */ = {isa = PBXFileReference; fileEncoding = 4; lastKnownFileType = sourcecode.c.c; name = DYYTestCheckNumbersAndReturnParentType.c; path = DYYStudyCoding/Tests/DYYTestCheckNumbersAndReturnParentType.c; sourceTree = "<group>"; };
		5C01F2AA1BAAAF1C00365F43 /* DYYTestCheckNumbersAndReturnParentType.h */ = {isa = PBXFileReference; fileEncoding = 4; lastKnownFileType = sourcecode.c.h; name = DYYTestCheckNumbersAndReturnParentType.h; path = DYYStudyCoding/Tests/DYYTestCheckNumbersAndReturnParentType.h; sourceTree = "<group>"; };
		5C07EA3E1C0F1BA40008C2BA /* DYYAlphabet.h */ = {isa = PBXFileReference; fileEncoding = 4; lastKnownFileType = sourcecode.c.h; name = DYYAlphabet.h; path = DYYStudyObjectiveC/DYYAlphabet/DYYAlphabet.h; sourceTree = "<group>"; };
		5C07EA3F1C0F1BA40008C2BA /* DYYAlphabet.m */ = {isa = PBXFileReference; fileEncoding = 4; lastKnownFileType = sourcecode.c.objc; name = DYYAlphabet.m; path = DYYStudyObjectiveC/DYYAlphabet/DYYAlphabet.m; sourceTree = "<group>"; };
		5C1556031BC3F4DD00C69799 /* DYYHuman.c */ = {isa = PBXFileReference; fileEncoding = 4; lastKnownFileType = sourcecode.c.c; name = DYYHuman.c; path = DYYStudyCoding/DYYHumanObject/DYYHuman.c; sourceTree = "<group>"; };
		5C1556041BC3F4DD00C69799 /* DYYHuman.h */ = {isa = PBXFileReference; fileEncoding = 4; lastKnownFileType = sourcecode.c.h; name = DYYHuman.h; path = DYYStudyCoding/DYYHumanObject/DYYHuman.h; sourceTree = "<group>"; };
		5C16D4321C28108B00865DD5 /* DYYCarwashTest.xctest */ = {isa = PBXFileReference; explicitFileType = wrapper.cfbundle; includeInIndex = 0; path = DYYCarwashTest.xctest; sourceTree = BUILT_PRODUCTS_DIR; };
		5C16D4341C28108B00865DD5 /* DYYCarwashTest.m */ = {isa = PBXFileReference; lastKnownFileType = sourcecode.c.objc; path = DYYCarwashTest.m; sourceTree = "<group>"; };
		5C16D4361C28108B00865DD5 /* Info.plist */ = {isa = PBXFileReference; lastKnownFileType = text.plist.xml; path = Info.plist; sourceTree = "<group>"; };
		5C16D43A1C28256100865DD5 /* libKiwi.a */ = {isa = PBXFileReference; lastKnownFileType = archive.ar; name = libKiwi.a; path = Pods/../build/Debug/libKiwi.a; sourceTree = "<group>"; };
		5C26D6831C1ADDE300B4B2B5 /* DYYCarwashMoneyTransferProtocol.h */ = {isa = PBXFileReference; fileEncoding = 4; lastKnownFileType = sourcecode.c.h; name = DYYCarwashMoneyTransferProtocol.h; path = DYYCarwash/DYYCarwashMoneyTransferProtocol.h; sourceTree = "<group>"; };
		5C327A181C29884200AB6528 /* DYYCarwashBasicTest.h */ = {isa = PBXFileReference; fileEncoding = 4; lastKnownFileType = sourcecode.c.h; name = DYYCarwashBasicTest.h; path = ../DYYStudyObjectiveC/DYYObjectiveCTests/DYYCarwashBasicTest.h; sourceTree = "<group>"; };
		5C327A191C29884200AB6528 /* DYYCarwashBasicTest.m */ = {isa = PBXFileReference; fileEncoding = 4; lastKnownFileType = sourcecode.c.objc; name = DYYCarwashBasicTest.m; path = ../DYYStudyObjectiveC/DYYObjectiveCTests/DYYCarwashBasicTest.m; sourceTree = "<group>"; };
		5C36F0AD1C0C595400991B03 /* DYYTestRandomString.h */ = {isa = PBXFileReference; fileEncoding = 4; lastKnownFileType = sourcecode.c.h; name = DYYTestRandomString.h; path = DYYStudyObjectiveC/DYYObjectiveCTests/DYYTestRandomString.h; sourceTree = "<group>"; };
		5C36F0AE1C0C595400991B03 /* DYYTestRandomString.m */ = {isa = PBXFileReference; fileEncoding = 4; lastKnownFileType = sourcecode.c.objc; name = DYYTestRandomString.m; path = DYYStudyObjectiveC/DYYObjectiveCTests/DYYTestRandomString.m; sourceTree = "<group>"; };
		5C4C56191C0736F200112BF8 /* NSString+DYYExtensions.h */ = {isa = PBXFileReference; fileEncoding = 4; lastKnownFileType = sourcecode.c.h; name = "NSString+DYYExtensions.h"; path = "DYYStudyObjectiveC/DYYRandomString/NSString+DYYExtensions.h"; sourceTree = "<group>"; };
		5C4C561A1C0736F200112BF8 /* NSString+DYYExtensions.m */ = {isa = PBXFileReference; fileEncoding = 4; lastKnownFileType = sourcecode.c.objc; name = "NSString+DYYExtensions.m"; path = "DYYStudyObjectiveC/DYYRandomString/NSString+DYYExtensions.m"; sourceTree = "<group>"; };
		5C52B2341C3C0FD000203250 /* DYYCarwashObservableItem.h */ = {isa = PBXFileReference; fileEncoding = 4; lastKnownFileType = sourcecode.c.h; name = DYYCarwashObservableItem.h; path = DYYCarwash/DYYCarwashObservableItem.h; sourceTree = "<group>"; };
		5C52B2351C3C0FD000203250 /* DYYCarwashObservableItem.m */ = {isa = PBXFileReference; fileEncoding = 4; lastKnownFileType = sourcecode.c.objc; name = DYYCarwashObservableItem.m; path = DYYCarwash/DYYCarwashObservableItem.m; sourceTree = "<group>"; };
		5C649A6E1C16D7C5008A4583 /* DYYCarwashEnterprise.h */ = {isa = PBXFileReference; fileEncoding = 4; lastKnownFileType = sourcecode.c.h; name = DYYCarwashEnterprise.h; path = DYYCarwash/DYYCarwashEnterprise.h; sourceTree = "<group>"; };
		5C649A6F1C16D7C5008A4583 /* DYYCarwashEnterprise.m */ = {isa = PBXFileReference; fileEncoding = 4; lastKnownFileType = sourcecode.c.objc; name = DYYCarwashEnterprise.m; path = DYYCarwash/DYYCarwashEnterprise.m; sourceTree = "<group>"; };
		5C649A861C16E33F008A4583 /* DYYCarwashCar.h */ = {isa = PBXFileReference; fileEncoding = 4; lastKnownFileType = sourcecode.c.h; name = DYYCarwashCar.h; path = DYYCarwash/DYYCarwashCar.h; sourceTree = "<group>"; };
		5C649A871C16E33F008A4583 /* DYYCarwashCar.m */ = {isa = PBXFileReference; fileEncoding = 4; lastKnownFileType = sourcecode.c.objc; name = DYYCarwashCar.m; path = DYYCarwash/DYYCarwashCar.m; sourceTree = "<group>"; };
		5C649A8A1C16E56A008A4583 /* DYYEmployee.h */ = {isa = PBXFileReference; fileEncoding = 4; lastKnownFileType = sourcecode.c.h; name = DYYEmployee.h; path = DYYCarwash/DYYEmployee.h; sourceTree = "<group>"; };
		5C649A8B1C16E56A008A4583 /* DYYEmployee.m */ = {isa = PBXFileReference; fileEncoding = 4; lastKnownFileType = sourcecode.c.objc; name = DYYEmployee.m; path = DYYCarwash/DYYEmployee.m; sourceTree = "<group>"; };
		5C76EA1C1C170901006C007F /* DYYCarwashDirector.h */ = {isa = PBXFileReference; fileEncoding = 4; lastKnownFileType = sourcecode.c.h; name = DYYCarwashDirector.h; path = DYYCarwash/DYYCarwashDirector.h; sourceTree = "<group>"; };
		5C76EA1D1C170901006C007F /* DYYCarwashDirector.m */ = {isa = PBXFileReference; fileEncoding = 4; lastKnownFileType = sourcecode.c.objc; name = DYYCarwashDirector.m; path = DYYCarwash/DYYCarwashDirector.m; sourceTree = "<group>"; };
		5C76EA201C170929006C007F /* DYYCarwashAccountant.h */ = {isa = PBXFileReference; fileEncoding = 4; lastKnownFileType = sourcecode.c.h; name = DYYCarwashAccountant.h; path = DYYCarwash/DYYCarwashAccountant.h; sourceTree = "<group>"; };
		5C76EA211C170929006C007F /* DYYCarwashAccountant.m */ = {isa = PBXFileReference; fileEncoding = 4; lastKnownFileType = sourcecode.c.objc; name = DYYCarwashAccountant.m; path = DYYCarwash/DYYCarwashAccountant.m; sourceTree = "<group>"; };
		5C76EA241C170957006C007F /* DYYCarwashWorker.h */ = {isa = PBXFileReference; fileEncoding = 4; lastKnownFileType = sourcecode.c.h; name = DYYCarwashWorker.h; path = DYYCarwash/DYYCarwashWorker.h; sourceTree = "<group>"; };
		5C76EA251C170957006C007F /* DYYCarwashWorker.m */ = {isa = PBXFileReference; fileEncoding = 4; lastKnownFileType = sourcecode.c.objc; name = DYYCarwashWorker.m; path = DYYCarwash/DYYCarwashWorker.m; sourceTree = "<group>"; };
		5C79B6A91C201E30001432DB /* DYYCarwashObserverProtocol.h */ = {isa = PBXFileReference; fileEncoding = 4; lastKnownFileType = sourcecode.c.h; name = DYYCarwashObserverProtocol.h; path = DYYCarwash/DYYCarwashObserverProtocol.h; sourceTree = "<group>"; };
		5CA59D731BCBC6C700DC661E /* DYYTestDecimalToBinaryOutput.c */ = {isa = PBXFileReference; fileEncoding = 4; lastKnownFileType = sourcecode.c.c; name = DYYTestDecimalToBinaryOutput.c; path = DYYStudyCoding/Tests/DYYTestDecimalToBinaryOutput.c; sourceTree = "<group>"; };
		5CA59D741BCBC6C700DC661E /* DYYTestDecimalToBinaryOutput.h */ = {isa = PBXFileReference; fileEncoding = 4; lastKnownFileType = sourcecode.c.h; name = DYYTestDecimalToBinaryOutput.h; path = DYYStudyCoding/Tests/DYYTestDecimalToBinaryOutput.h; sourceTree = "<group>"; };
		5CAE40551BB28DAD00F0D3BF /* DYYMacroMethodGenerator.c */ = {isa = PBXFileReference; fileEncoding = 4; lastKnownFileType = sourcecode.c.c; name = DYYMacroMethodGenerator.c; path = DYYStudyCoding/DYYMacroMethodGenerator/DYYMacroMethodGenerator.c; sourceTree = "<group>"; };
		5CAE40561BB28DAD00F0D3BF /* DYYMacroMethodGenerator.h */ = {isa = PBXFileReference; fileEncoding = 4; lastKnownFileType = sourcecode.c.h; name = DYYMacroMethodGenerator.h; path = DYYStudyCoding/DYYMacroMethodGenerator/DYYMacroMethodGenerator.h; sourceTree = "<group>"; };
		5CAE40591BB2B5DA00F0D3BF /* DYYStructureAlignment.c */ = {isa = PBXFileReference; fileEncoding = 4; lastKnownFileType = sourcecode.c.c; name = DYYStructureAlignment.c; path = DYYStudyCoding/DYYStructureAlignment/DYYStructureAlignment.c; sourceTree = "<group>"; };
		5CAE405A1BB2B5DA00F0D3BF /* DYYStructureAlignment.h */ = {isa = PBXFileReference; fileEncoding = 4; lastKnownFileType = sourcecode.c.h; name = DYYStructureAlignment.h; path = DYYStudyCoding/DYYStructureAlignment/DYYStructureAlignment.h; sourceTree = "<group>"; };
		5CB254EB1C0470E400FAAA3D /* DYYCreature.h */ = {isa = PBXFileReference; fileEncoding = 4; lastKnownFileType = sourcecode.c.h; name = DYYCreature.h; path = DYYStudyObjectiveC/DYYCreatureInObjectiveC/DYYCreature.h; sourceTree = "<group>"; };
		5CB254EC1C0470E400FAAA3D /* DYYCreature.m */ = {isa = PBXFileReference; fileEncoding = 4; lastKnownFileType = sourcecode.c.objc; name = DYYCreature.m; path = DYYStudyObjectiveC/DYYCreatureInObjectiveC/DYYCreature.m; sourceTree = "<group>"; };
		5CB254EE1C0470F600FAAA3D /* DYYTestCreatureObjectiveC.h */ = {isa = PBXFileReference; fileEncoding = 4; lastKnownFileType = sourcecode.c.h; name = DYYTestCreatureObjectiveC.h; path = DYYStudyObjectiveC/DYYObjectiveCTests/DYYTestCreatureObjectiveC.h; sourceTree = "<group>"; };
		5CB254EF1C0470F600FAAA3D /* DYYTestCreatureObjectiveC.m */ = {isa = PBXFileReference; fileEncoding = 4; lastKnownFileType = sourcecode.c.objc; name = DYYTestCreatureObjectiveC.m; path = DYYStudyObjectiveC/DYYObjectiveCTests/DYYTestCreatureObjectiveC.m; sourceTree = "<group>"; };
		5CB254F11C04710B00FAAA3D /* DYYCreatureProtocol.h */ = {isa = PBXFileReference; fileEncoding = 4; lastKnownFileType = sourcecode.c.h; name = DYYCreatureProtocol.h; path = DYYStudyObjectiveC/DYYCreatureInObjectiveC/DYYCreatureProtocol.h; sourceTree = "<group>"; };
		5CB254F21C04711700FAAA3D /* DYYCreatureArrayOfChildren.h */ = {isa = PBXFileReference; fileEncoding = 4; lastKnownFileType = sourcecode.c.h; name = DYYCreatureArrayOfChildren.h; path = DYYStudyObjectiveC/DYYCreatureInObjectiveC/DYYCreatureArrayOfChildren.h; sourceTree = "<group>"; };
		5CB254F31C04711700FAAA3D /* DYYCreatureArrayOfChildren.m */ = {isa = PBXFileReference; fileEncoding = 4; lastKnownFileType = sourcecode.c.objc; name = DYYCreatureArrayOfChildren.m; path = DYYStudyObjectiveC/DYYCreatureInObjectiveC/DYYCreatureArrayOfChildren.m; sourceTree = "<group>"; };
		5CB254F51C0482E800FAAA3D /* DYYCreatureMale.h */ = {isa = PBXFileReference; fileEncoding = 4; lastKnownFileType = sourcecode.c.h; name = DYYCreatureMale.h; path = DYYStudyObjectiveC/DYYCreatureMale/DYYCreatureMale.h; sourceTree = "<group>"; };
		5CB254F61C0482E800FAAA3D /* DYYCreatureMale.m */ = {isa = PBXFileReference; fileEncoding = 4; lastKnownFileType = sourcecode.c.objc; name = DYYCreatureMale.m; path = DYYStudyObjectiveC/DYYCreatureMale/DYYCreatureMale.m; sourceTree = "<group>"; };
		5CB254F91C04832E00FAAA3D /* DYYCreatureFemale.h */ = {isa = PBXFileReference; fileEncoding = 4; lastKnownFileType = sourcecode.c.h; name = DYYCreatureFemale.h; path = DYYStudyObjectiveC/DYYCreatureFemale/DYYCreatureFemale.h; sourceTree = "<group>"; };
		5CB254FA1C04832E00FAAA3D /* DYYCreatureFemale.m */ = {isa = PBXFileReference; fileEncoding = 4; lastKnownFileType = sourcecode.c.objc; name = DYYCreatureFemale.m; path = DYYStudyObjectiveC/DYYCreatureFemale/DYYCreatureFemale.m; sourceTree = "<group>"; };
		5CB43FC41BAAD7FD002CE815 /* DYYTestReturnParentTypeAssert.c */ = {isa = PBXFileReference; fileEncoding = 4; lastKnownFileType = sourcecode.c.c; name = DYYTestReturnParentTypeAssert.c; path = DYYStudyCoding/Tests/DYYTestReturnParentTypeAssert.c; sourceTree = "<group>"; };
		5CB43FC51BAAD7FD002CE815 /* DYYTestReturnParentTypeAssert.h */ = {isa = PBXFileReference; fileEncoding = 4; lastKnownFileType = sourcecode.c.h; name = DYYTestReturnParentTypeAssert.h; path = DYYStudyCoding/Tests/DYYTestReturnParentTypeAssert.h; sourceTree = "<group>"; };
		5CC56E7E1BB929090026FE13 /* DYYPrintDecimalToBinaryOutput.c */ = {isa = PBXFileReference; fileEncoding = 4; lastKnownFileType = sourcecode.c.c; name = DYYPrintDecimalToBinaryOutput.c; path = DYYStudyCoding/DYYBinaryOutputTranslator/DYYPrintDecimalToBinaryOutput.c; sourceTree = "<group>"; };
		5CC56E7F1BB929090026FE13 /* DYYPrintDecimalToBinaryOutput.h */ = {isa = PBXFileReference; fileEncoding = 4; lastKnownFileType = sourcecode.c.h; name = DYYPrintDecimalToBinaryOutput.h; path = DYYStudyCoding/DYYBinaryOutputTranslator/DYYPrintDecimalToBinaryOutput.h; sourceTree = "<group>"; };
		5CE241C81BA94BF3003C1A08 /* DYYStudyCoding */ = {isa = PBXFileReference; explicitFileType = "compiled.mach-o.executable"; includeInIndex = 0; path = DYYStudyCoding; sourceTree = BUILT_PRODUCTS_DIR; };
		5CE241CB1BA94BF3003C1A08 /* main.c */ = {isa = PBXFileReference; lastKnownFileType = sourcecode.c.c; path = main.c; sourceTree = "<group>"; };
		5CE241D21BA94FD4003C1A08 /* DYYCheckNumbersAndReturnParentType.c */ = {isa = PBXFileReference; fileEncoding = 4; lastKnownFileType = sourcecode.c.c; name = DYYCheckNumbersAndReturnParentType.c; path = DYYCheckNumbersAndReturnValue/DYYCheckNumbersAndReturnParentType.c; sourceTree = "<group>"; };
		5CE241D31BA94FD4003C1A08 /* DYYCheckNumbersAndReturnParentType.h */ = {isa = PBXFileReference; fileEncoding = 4; lastKnownFileType = sourcecode.c.h; name = DYYCheckNumbersAndReturnParentType.h; path = DYYCheckNumbersAndReturnValue/DYYCheckNumbersAndReturnParentType.h; sourceTree = "<group>"; };
		5CE241D51BA96134003C1A08 /* DYYSizeOfCheck.c */ = {isa = PBXFileReference; fileEncoding = 4; lastKnownFileType = sourcecode.c.c; name = DYYSizeOfCheck.c; path = DYYSizeofCheck/DYYSizeOfCheck.c; sourceTree = "<group>"; };
		5CE241D61BA96134003C1A08 /* DYYSizeOfCheck.h */ = {isa = PBXFileReference; fileEncoding = 4; lastKnownFileType = sourcecode.c.h; name = DYYSizeOfCheck.h; path = DYYSizeofCheck/DYYSizeOfCheck.h; sourceTree = "<group>"; };
		5CEE7D1E1BC6629200876585 /* DYYTestHumanWithStaticArray.c */ = {isa = PBXFileReference; fileEncoding = 4; lastKnownFileType = sourcecode.c.c; name = DYYTestHumanWithStaticArray.c; path = DYYStudyCoding/Tests/DYYTestHumanWithStaticArray.c; sourceTree = "<group>"; };
		5CEE7D1F1BC6629200876585 /* DYYTestHumanWithStaticArray.h */ = {isa = PBXFileReference; fileEncoding = 4; lastKnownFileType = sourcecode.c.h; name = DYYTestHumanWithStaticArray.h; path = DYYStudyCoding/Tests/DYYTestHumanWithStaticArray.h; sourceTree = "<group>"; };
		6BCB767A7F0B1B3A32819428 /* libPods-DYYCreatureTests.a */ = {isa = PBXFileReference; explicitFileType = archive.ar; includeInIndex = 0; path = "libPods-DYYCreatureTests.a"; sourceTree = BUILT_PRODUCTS_DIR; };
		9A6934EE2D429F089CBF48D1 /* libPods-DYYCarwashTest.a */ = {isa = PBXFileReference; explicitFileType = archive.ar; includeInIndex = 0; path = "libPods-DYYCarwashTest.a"; sourceTree = BUILT_PRODUCTS_DIR; };
		9BED7D5777CA6D449929C7F6 /* Pods-DYYCarwashTest.debug.xcconfig */ = {isa = PBXFileReference; includeInIndex = 1; lastKnownFileType = text.xcconfig; name = "Pods-DYYCarwashTest.debug.xcconfig"; path = "Pods/Target Support Files/Pods-DYYCarwashTest/Pods-DYYCarwashTest.debug.xcconfig"; sourceTree = "<group>"; };
		B0E6BC83EFD0DDC872253998 /* Pods-DYYCreatureTests.debug.xcconfig */ = {isa = PBXFileReference; includeInIndex = 1; lastKnownFileType = text.xcconfig; name = "Pods-DYYCreatureTests.debug.xcconfig"; path = "Pods/Target Support Files/Pods-DYYCreatureTests/Pods-DYYCreatureTests.debug.xcconfig"; sourceTree = "<group>"; };
		C4D5431D76E69196F952F0AA /* Pods-DYYCreatureTests.release.xcconfig */ = {isa = PBXFileReference; includeInIndex = 1; lastKnownFileType = text.xcconfig; name = "Pods-DYYCreatureTests.release.xcconfig"; path = "Pods/Target Support Files/Pods-DYYCreatureTests/Pods-DYYCreatureTests.release.xcconfig"; sourceTree = "<group>"; };
		CE1FCB9E1BDE2FA3001DF4C8 /* DYYObject.c */ = {isa = PBXFileReference; fileEncoding = 4; lastKnownFileType = sourcecode.c.c; name = DYYObject.c; path = DYYStudyCoding/DYYObject/DYYObject.c; sourceTree = "<group>"; };
		CE1FCB9F1BDE2FA3001DF4C8 /* DYYObject.h */ = {isa = PBXFileReference; fileEncoding = 4; lastKnownFileType = sourcecode.c.h; name = DYYObject.h; path = DYYStudyCoding/DYYObject/DYYObject.h; sourceTree = "<group>"; };
		CE1FCBA21BDE6118001DF4C8 /* DYYString.c */ = {isa = PBXFileReference; fileEncoding = 4; lastKnownFileType = sourcecode.c.c; name = DYYString.c; path = DYYStudyCoding/DYYStringObject/DYYString.c; sourceTree = "<group>"; };
		CE1FCBA31BDE6118001DF4C8 /* DYYString.h */ = {isa = PBXFileReference; fileEncoding = 4; lastKnownFileType = sourcecode.c.h; name = DYYString.h; path = DYYStudyCoding/DYYStringObject/DYYString.h; sourceTree = "<group>"; };
		CE1FCBA61BDE6A84001DF4C8 /* DYYMacro.h */ = {isa = PBXFileReference; lastKnownFileType = sourcecode.c.h; path = DYYMacro.h; sourceTree = "<group>"; };
		CE4099711BFDC1B00070530B /* DYYStudyObjectiveC */ = {isa = PBXFileReference; explicitFileType = "compiled.mach-o.executable"; includeInIndex = 0; path = DYYStudyObjectiveC; sourceTree = BUILT_PRODUCTS_DIR; };
		CE4099731BFDC1B00070530B /* main.m */ = {isa = PBXFileReference; lastKnownFileType = sourcecode.c.objc; path = main.m; sourceTree = "<group>"; };
		CEB30DFE1BF3737400CF9BA6 /* DYYTestHumanWithDynamicArray.c */ = {isa = PBXFileReference; fileEncoding = 4; lastKnownFileType = sourcecode.c.c; name = DYYTestHumanWithDynamicArray.c; path = DYYStudyCoding/Tests/DYYTestHumanWithDynamicArray.c; sourceTree = "<group>"; };
		CEB30DFF1BF3737400CF9BA6 /* DYYTestHumanWithDynamicArray.h */ = {isa = PBXFileReference; fileEncoding = 4; lastKnownFileType = sourcecode.c.h; name = DYYTestHumanWithDynamicArray.h; path = DYYStudyCoding/Tests/DYYTestHumanWithDynamicArray.h; sourceTree = "<group>"; };
		CEBB47731BE8E91300EBCEA2 /* DYYDynamicArray.c */ = {isa = PBXFileReference; fileEncoding = 4; lastKnownFileType = sourcecode.c.c; name = DYYDynamicArray.c; path = DYYStudyCoding/DYYDynamicArrayObject/DYYDynamicArray.c; sourceTree = "<group>"; };
		CEBB47741BE8E91300EBCEA2 /* DYYDynamicArray.h */ = {isa = PBXFileReference; fileEncoding = 4; lastKnownFileType = sourcecode.c.h; name = DYYDynamicArray.h; path = DYYStudyCoding/DYYDynamicArrayObject/DYYDynamicArray.h; sourceTree = "<group>"; };
		CEC926F71BE25A9700F7B926 /* DYYStaticArray.c */ = {isa = PBXFileReference; fileEncoding = 4; lastKnownFileType = sourcecode.c.c; name = DYYStaticArray.c; path = DYYStudyCoding/DYYStaticArrayObject/DYYStaticArray.c; sourceTree = "<group>"; };
		CEC926F81BE25A9700F7B926 /* DYYStaticArray.h */ = {isa = PBXFileReference; fileEncoding = 4; lastKnownFileType = sourcecode.c.h; name = DYYStaticArray.h; path = DYYStudyCoding/DYYStaticArrayObject/DYYStaticArray.h; sourceTree = "<group>"; };
/* End PBXFileReference section */

/* Begin PBXFrameworksBuildPhase section */
		5C16D42F1C28108B00865DD5 /* Frameworks */ = {
			isa = PBXFrameworksBuildPhase;
			buildActionMask = 2147483647;
			files = (
				5C16D43B1C28256100865DD5 /* libKiwi.a in Frameworks */,
				F8E7801F9F2021F126540866 /* libPods-DYYCarwashTest.a in Frameworks */,
			);
			runOnlyForDeploymentPostprocessing = 0;
		};
		5CE241C51BA94BF3003C1A08 /* Frameworks */ = {
			isa = PBXFrameworksBuildPhase;
			buildActionMask = 2147483647;
			files = (
			);
			runOnlyForDeploymentPostprocessing = 0;
		};
		CE40996E1BFDC1B00070530B /* Frameworks */ = {
			isa = PBXFrameworksBuildPhase;
			buildActionMask = 2147483647;
			files = (
			);
			runOnlyForDeploymentPostprocessing = 0;
		};
/* End PBXFrameworksBuildPhase section */

/* Begin PBXGroup section */
		5C01F2A71BAA98A300365F43 /* DYYSizeofCheck */ = {
			isa = PBXGroup;
			children = (
				5CE241D51BA96134003C1A08 /* DYYSizeOfCheck.c */,
				5CE241D61BA96134003C1A08 /* DYYSizeOfCheck.h */,
			);
			name = DYYSizeofCheck;
			sourceTree = "<group>";
		};
		5C01F2A81BAA98C300365F43 /* DYYCheckNumbersAndReturnParentType */ = {
			isa = PBXGroup;
			children = (
				5CE241D21BA94FD4003C1A08 /* DYYCheckNumbersAndReturnParentType.c */,
				5CE241D31BA94FD4003C1A08 /* DYYCheckNumbersAndReturnParentType.h */,
			);
			name = DYYCheckNumbersAndReturnParentType;
			sourceTree = "<group>";
		};
		5C01F2AC1BAAAF2B00365F43 /* Tests */ = {
			isa = PBXGroup;
			children = (
				5C16D4331C28108B00865DD5 /* DYYCarwashTest */,
				CE45AAFF1BD8E15500460AF7 /* DYYTestCheckNumbersReturnParentType */,
				CE45AB001BD8E17300460AF7 /* DYYTestParentTypeAssert */,
				CE45AB011BD8E19100460AF7 /* DYYTestDecimalToBinaryOutput */,
				CE45AB021BD8E1A900460AF7 /* DYYTestHumanObject */,
			);
			name = Tests;
			sourceTree = "<group>";
		};
		5C07EA411C0F1BAA0008C2BA /* DYYAlphabet */ = {
			isa = PBXGroup;
			children = (
				5C07EA3E1C0F1BA40008C2BA /* DYYAlphabet.h */,
				5C07EA3F1C0F1BA40008C2BA /* DYYAlphabet.m */,
			);
			name = DYYAlphabet;
			path = ..;
			sourceTree = "<group>";
		};
		5C1556061BC3F51E00C69799 /* DYYHuman */ = {
			isa = PBXGroup;
			children = (
				5C1556031BC3F4DD00C69799 /* DYYHuman.c */,
				5C1556041BC3F4DD00C69799 /* DYYHuman.h */,
			);
			name = DYYHuman;
			path = ..;
			sourceTree = "<group>";
		};
		5C16D4331C28108B00865DD5 /* DYYCarwashTest */ = {
			isa = PBXGroup;
			children = (
				5C327A181C29884200AB6528 /* DYYCarwashBasicTest.h */,
				5C327A191C29884200AB6528 /* DYYCarwashBasicTest.m */,
				5C16D4341C28108B00865DD5 /* DYYCarwashTest.m */,
				5C16D4361C28108B00865DD5 /* Info.plist */,
			);
			path = DYYCarwashTest;
			sourceTree = "<group>";
		};
		5C2D46851C0315D1003C121C /* DYYCreatureChildrenArray */ = {
			isa = PBXGroup;
			children = (
				5CB254F21C04711700FAAA3D /* DYYCreatureArrayOfChildren.h */,
				5CB254F31C04711700FAAA3D /* DYYCreatureArrayOfChildren.m */,
			);
			name = DYYCreatureChildrenArray;
			path = ..;
			sourceTree = "<group>";
		};
		5C2D46861C0315FA003C121C /* DYYCreature */ = {
			isa = PBXGroup;
			children = (
				5CB254F11C04710B00FAAA3D /* DYYCreatureProtocol.h */,
				5CB254EB1C0470E400FAAA3D /* DYYCreature.h */,
				5CB254EC1C0470E400FAAA3D /* DYYCreature.m */,
			);
			name = DYYCreature;
			path = ..;
			sourceTree = "<group>";
		};
		5C4C561C1C0736F600112BF8 /* DYYRandomString */ = {
			isa = PBXGroup;
			children = (
				5C4C56191C0736F200112BF8 /* NSString+DYYExtensions.h */,
				5C4C561A1C0736F200112BF8 /* NSString+DYYExtensions.m */,
			);
			name = DYYRandomString;
			path = ..;
			sourceTree = "<group>";
		};
		5C52B2371C3C0FD500203250 /* DYYCarwashObservableItem */ = {
			isa = PBXGroup;
			children = (
				5C52B2341C3C0FD000203250 /* DYYCarwashObservableItem.h */,
				5C52B2351C3C0FD000203250 /* DYYCarwashObservableItem.m */,
			);
			name = DYYCarwashObservableItem;
			sourceTree = "<group>";
		};
		5C649A711C16D7D0008A4583 /* DYYCarwash */ = {
			isa = PBXGroup;
			children = (
				5C52B2371C3C0FD500203250 /* DYYCarwashObservableItem */,
				5C649A721C16D7E4008A4583 /* DYYCarwashEnterprise */,
				5C649A891C16E344008A4583 /* DYYCarwashCar */,
				5C649A8D1C16E56F008A4583 /* DYYCarwashEmployee */,
			);
			name = DYYCarwash;
			sourceTree = "<group>";
		};
		5C649A721C16D7E4008A4583 /* DYYCarwashEnterprise */ = {
			isa = PBXGroup;
			children = (
				5C649A6E1C16D7C5008A4583 /* DYYCarwashEnterprise.h */,
				5C649A6F1C16D7C5008A4583 /* DYYCarwashEnterprise.m */,
				5C26D6831C1ADDE300B4B2B5 /* DYYCarwashMoneyTransferProtocol.h */,
				5C79B6A91C201E30001432DB /* DYYCarwashObserverProtocol.h */,
			);
			name = DYYCarwashEnterprise;
			sourceTree = "<group>";
		};
		5C649A891C16E344008A4583 /* DYYCarwashCar */ = {
			isa = PBXGroup;
			children = (
				5C649A861C16E33F008A4583 /* DYYCarwashCar.h */,
				5C649A871C16E33F008A4583 /* DYYCarwashCar.m */,
			);
			name = DYYCarwashCar;
			sourceTree = "<group>";
		};
		5C649A8D1C16E56F008A4583 /* DYYCarwashEmployee */ = {
			isa = PBXGroup;
			children = (
				5C649A8A1C16E56A008A4583 /* DYYEmployee.h */,
				5C649A8B1C16E56A008A4583 /* DYYEmployee.m */,
				5C76EA271C17095B006C007F /* DYYCarwashWorker */,
				5C76EA231C17092E006C007F /* DYYCarwashAccountant */,
				5C76EA1F1C170905006C007F /* DYYCarwashDirector */,
			);
			name = DYYCarwashEmployee;
			sourceTree = "<group>";
		};
		5C76EA1F1C170905006C007F /* DYYCarwashDirector */ = {
			isa = PBXGroup;
			children = (
				5C76EA1C1C170901006C007F /* DYYCarwashDirector.h */,
				5C76EA1D1C170901006C007F /* DYYCarwashDirector.m */,
			);
			name = DYYCarwashDirector;
			sourceTree = "<group>";
		};
		5C76EA231C17092E006C007F /* DYYCarwashAccountant */ = {
			isa = PBXGroup;
			children = (
				5C76EA201C170929006C007F /* DYYCarwashAccountant.h */,
				5C76EA211C170929006C007F /* DYYCarwashAccountant.m */,
			);
			name = DYYCarwashAccountant;
			sourceTree = "<group>";
		};
		5C76EA271C17095B006C007F /* DYYCarwashWorker */ = {
			isa = PBXGroup;
			children = (
				5C76EA241C170957006C007F /* DYYCarwashWorker.h */,
				5C76EA251C170957006C007F /* DYYCarwashWorker.m */,
			);
			name = DYYCarwashWorker;
			sourceTree = "<group>";
		};
		5CAE40581BB28DBC00F0D3BF /* DYYMacroMethodGenerator */ = {
			isa = PBXGroup;
			children = (
				5CAE40551BB28DAD00F0D3BF /* DYYMacroMethodGenerator.c */,
				5CAE40561BB28DAD00F0D3BF /* DYYMacroMethodGenerator.h */,
			);
			name = DYYMacroMethodGenerator;
			path = ..;
			sourceTree = "<group>";
		};
		5CAE405C1BB2B5E800F0D3BF /* DYYStructureAlignment */ = {
			isa = PBXGroup;
			children = (
				5CAE40591BB2B5DA00F0D3BF /* DYYStructureAlignment.c */,
				5CAE405A1BB2B5DA00F0D3BF /* DYYStructureAlignment.h */,
			);
			name = DYYStructureAlignment;
			path = ..;
			sourceTree = "<group>";
		};
		5CB254F81C0482EE00FAAA3D /* DYYCreatureMale */ = {
			isa = PBXGroup;
			children = (
				5CB254F51C0482E800FAAA3D /* DYYCreatureMale.h */,
				5CB254F61C0482E800FAAA3D /* DYYCreatureMale.m */,
			);
			name = DYYCreatureMale;
			path = ..;
			sourceTree = "<group>";
		};
		5CB254FC1C04833500FAAA3D /* DYYCreatureFemale */ = {
			isa = PBXGroup;
			children = (
				5CB254F91C04832E00FAAA3D /* DYYCreatureFemale.h */,
				5CB254FA1C04832E00FAAA3D /* DYYCreatureFemale.m */,
			);
			name = DYYCreatureFemale;
			path = ..;
			sourceTree = "<group>";
		};
		5CC56E811BB929110026FE13 /* DYYPrintDecimalToBinaryOutput */ = {
			isa = PBXGroup;
			children = (
				5CC56E7E1BB929090026FE13 /* DYYPrintDecimalToBinaryOutput.c */,
				5CC56E7F1BB929090026FE13 /* DYYPrintDecimalToBinaryOutput.h */,
			);
			name = DYYPrintDecimalToBinaryOutput;
			path = ..;
			sourceTree = "<group>";
		};
		5CE241BF1BA94BF3003C1A08 = {
			isa = PBXGroup;
			children = (
				5C01F2AC1BAAAF2B00365F43 /* Tests */,
				5CE241CA1BA94BF3003C1A08 /* DYYStudyCoding */,
				CE4099721BFDC1B00070530B /* DYYStudyObjectiveC */,
				5CE241C91BA94BF3003C1A08 /* Products */,
				9D5DDC4A1EDBA325C0C3110B /* Pods */,
				7AD2BD5409E6976306324597 /* Frameworks */,
			);
			sourceTree = "<group>";
		};
		5CE241C91BA94BF3003C1A08 /* Products */ = {
			isa = PBXGroup;
			children = (
				5CE241C81BA94BF3003C1A08 /* DYYStudyCoding */,
				CE4099711BFDC1B00070530B /* DYYStudyObjectiveC */,
				5C16D4321C28108B00865DD5 /* DYYCarwashTest.xctest */,
			);
			name = Products;
			sourceTree = "<group>";
		};
		5CE241CA1BA94BF3003C1A08 /* DYYStudyCoding */ = {
			isa = PBXGroup;
			children = (
				CE1FCBA61BDE6A84001DF4C8 /* DYYMacro.h */,
				CE1FCBA11BDE2FBD001DF4C8 /* DYYObject */,
				5C1556061BC3F51E00C69799 /* DYYHuman */,
				CEBB47761BE8E91900EBCEA2 /* DYYDynamicArray */,
				CEC926FA1BE25A9D00F7B926 /* DYYStaticArray */,
				CE1FCBA51BDE611E001DF4C8 /* DYYString */,
				5CC56E811BB929110026FE13 /* DYYPrintDecimalToBinaryOutput */,
				5CAE405C1BB2B5E800F0D3BF /* DYYStructureAlignment */,
				5CAE40581BB28DBC00F0D3BF /* DYYMacroMethodGenerator */,
				5CE241CB1BA94BF3003C1A08 /* main.c */,
				5C01F2A71BAA98A300365F43 /* DYYSizeofCheck */,
				5C01F2A81BAA98C300365F43 /* DYYCheckNumbersAndReturnParentType */,
			);
			path = DYYStudyCoding;
			sourceTree = "<group>";
		};
		7AD2BD5409E6976306324597 /* Frameworks */ = {
			isa = PBXGroup;
			children = (
				5C16D43A1C28256100865DD5 /* libKiwi.a */,
				6BCB767A7F0B1B3A32819428 /* libPods-DYYCreatureTests.a */,
				9A6934EE2D429F089CBF48D1 /* libPods-DYYCarwashTest.a */,
			);
			name = Frameworks;
			sourceTree = "<group>";
		};
		9D5DDC4A1EDBA325C0C3110B /* Pods */ = {
			isa = PBXGroup;
			children = (
				B0E6BC83EFD0DDC872253998 /* Pods-DYYCreatureTests.debug.xcconfig */,
				C4D5431D76E69196F952F0AA /* Pods-DYYCreatureTests.release.xcconfig */,
				9BED7D5777CA6D449929C7F6 /* Pods-DYYCarwashTest.debug.xcconfig */,
				4D01FDCECFE7B8737E91C3EA /* Pods-DYYCarwashTest.release.xcconfig */,
			);
			name = Pods;
			sourceTree = "<group>";
		};
		CE1FCBA11BDE2FBD001DF4C8 /* DYYObject */ = {
			isa = PBXGroup;
			children = (
				CE1FCB9E1BDE2FA3001DF4C8 /* DYYObject.c */,
				CE1FCB9F1BDE2FA3001DF4C8 /* DYYObject.h */,
			);
			name = DYYObject;
			path = ..;
			sourceTree = "<group>";
		};
		CE1FCBA51BDE611E001DF4C8 /* DYYString */ = {
			isa = PBXGroup;
			children = (
				CE1FCBA21BDE6118001DF4C8 /* DYYString.c */,
				CE1FCBA31BDE6118001DF4C8 /* DYYString.h */,
			);
			name = DYYString;
			path = ..;
			sourceTree = "<group>";
		};
		CE4099721BFDC1B00070530B /* DYYStudyObjectiveC */ = {
			isa = PBXGroup;
			children = (
				5C07EA411C0F1BAA0008C2BA /* DYYAlphabet */,
				5C4C561C1C0736F600112BF8 /* DYYRandomString */,
				5C2D46861C0315FA003C121C /* DYYCreature */,
				5CB254FC1C04833500FAAA3D /* DYYCreatureFemale */,
				5CB254F81C0482EE00FAAA3D /* DYYCreatureMale */,
				5C2D46851C0315D1003C121C /* DYYCreatureChildrenArray */,
				CE782BFD1BFF493400C74AB4 /* DYYTestsInObjectiveC */,
				CE4099731BFDC1B00070530B /* main.m */,
				5C649A711C16D7D0008A4583 /* DYYCarwash */,
			);
			path = DYYStudyObjectiveC;
			sourceTree = "<group>";
		};
		CE45AAFF1BD8E15500460AF7 /* DYYTestCheckNumbersReturnParentType */ = {
			isa = PBXGroup;
			children = (
				5C01F2A91BAAAF1C00365F43 /* DYYTestCheckNumbersAndReturnParentType.c */,
				5C01F2AA1BAAAF1C00365F43 /* DYYTestCheckNumbersAndReturnParentType.h */,
			);
			name = DYYTestCheckNumbersReturnParentType;
			sourceTree = "<group>";
		};
		CE45AB001BD8E17300460AF7 /* DYYTestParentTypeAssert */ = {
			isa = PBXGroup;
			children = (
				5CB43FC41BAAD7FD002CE815 /* DYYTestReturnParentTypeAssert.c */,
				5CB43FC51BAAD7FD002CE815 /* DYYTestReturnParentTypeAssert.h */,
			);
			name = DYYTestParentTypeAssert;
			sourceTree = "<group>";
		};
		CE45AB011BD8E19100460AF7 /* DYYTestDecimalToBinaryOutput */ = {
			isa = PBXGroup;
			children = (
				5CA59D731BCBC6C700DC661E /* DYYTestDecimalToBinaryOutput.c */,
				5CA59D741BCBC6C700DC661E /* DYYTestDecimalToBinaryOutput.h */,
			);
			name = DYYTestDecimalToBinaryOutput;
			sourceTree = "<group>";
		};
		CE45AB021BD8E1A900460AF7 /* DYYTestHumanObject */ = {
			isa = PBXGroup;
			children = (
				5CEE7D1E1BC6629200876585 /* DYYTestHumanWithStaticArray.c */,
				5CEE7D1F1BC6629200876585 /* DYYTestHumanWithStaticArray.h */,
				CEB30DFE1BF3737400CF9BA6 /* DYYTestHumanWithDynamicArray.c */,
				CEB30DFF1BF3737400CF9BA6 /* DYYTestHumanWithDynamicArray.h */,
			);
			name = DYYTestHumanObject;
			sourceTree = "<group>";
		};
		CE782BFD1BFF493400C74AB4 /* DYYTestsInObjectiveC */ = {
			isa = PBXGroup;
			children = (
				5C36F0AD1C0C595400991B03 /* DYYTestRandomString.h */,
				5C36F0AE1C0C595400991B03 /* DYYTestRandomString.m */,
				5CB254EE1C0470F600FAAA3D /* DYYTestCreatureObjectiveC.h */,
				5CB254EF1C0470F600FAAA3D /* DYYTestCreatureObjectiveC.m */,
			);
			name = DYYTestsInObjectiveC;
			path = ..;
			sourceTree = "<group>";
		};
		CEBB47761BE8E91900EBCEA2 /* DYYDynamicArray */ = {
			isa = PBXGroup;
			children = (
				CEBB47731BE8E91300EBCEA2 /* DYYDynamicArray.c */,
				CEBB47741BE8E91300EBCEA2 /* DYYDynamicArray.h */,
			);
			name = DYYDynamicArray;
			path = ..;
			sourceTree = "<group>";
		};
		CEC926FA1BE25A9D00F7B926 /* DYYStaticArray */ = {
			isa = PBXGroup;
			children = (
				CEC926F71BE25A9700F7B926 /* DYYStaticArray.c */,
				CEC926F81BE25A9700F7B926 /* DYYStaticArray.h */,
			);
			name = DYYStaticArray;
			path = ..;
			sourceTree = "<group>";
		};
/* End PBXGroup section */

/* Begin PBXNativeTarget section */
		5C16D4311C28108B00865DD5 /* DYYCarwashTest */ = {
			isa = PBXNativeTarget;
			buildConfigurationList = 5C16D4391C28108B00865DD5 /* Build configuration list for PBXNativeTarget "DYYCarwashTest" */;
			buildPhases = (
				E846D7A37CF68D2266BBB2A3 /* Check Pods Manifest.lock */,
				5C16D42E1C28108B00865DD5 /* Sources */,
				5C16D42F1C28108B00865DD5 /* Frameworks */,
				5C16D4301C28108B00865DD5 /* Resources */,
				9F62846E23B5EEEDCCA13C75 /* Embed Pods Frameworks */,
				57A58551BA4089EFE5A455DA /* Copy Pods Resources */,
			);
			buildRules = (
			);
			dependencies = (
			);
			name = DYYCarwashTest;
			productName = DYYCarwashTest;
			productReference = 5C16D4321C28108B00865DD5 /* DYYCarwashTest.xctest */;
			productType = "com.apple.product-type.bundle.unit-test";
		};
		5CE241C71BA94BF3003C1A08 /* DYYStudyCoding */ = {
			isa = PBXNativeTarget;
			buildConfigurationList = 5CE241CF1BA94BF3003C1A08 /* Build configuration list for PBXNativeTarget "DYYStudyCoding" */;
			buildPhases = (
				5CE241C41BA94BF3003C1A08 /* Sources */,
				5CE241C51BA94BF3003C1A08 /* Frameworks */,
				5CE241C61BA94BF3003C1A08 /* CopyFiles */,
			);
			buildRules = (
			);
			dependencies = (
			);
			name = DYYStudyCoding;
			productName = DYYStudyCoding;
			productReference = 5CE241C81BA94BF3003C1A08 /* DYYStudyCoding */;
			productType = "com.apple.product-type.tool";
		};
		CE4099701BFDC1B00070530B /* DYYStudyObjectiveC */ = {
			isa = PBXNativeTarget;
			buildConfigurationList = CE4099751BFDC1B00070530B /* Build configuration list for PBXNativeTarget "DYYStudyObjectiveC" */;
			buildPhases = (
				CE40996D1BFDC1B00070530B /* Sources */,
				CE40996E1BFDC1B00070530B /* Frameworks */,
				CE40996F1BFDC1B00070530B /* CopyFiles */,
			);
			buildRules = (
			);
			dependencies = (
			);
			name = DYYStudyObjectiveC;
			productName = DYYStudyObjectiveC;
			productReference = CE4099711BFDC1B00070530B /* DYYStudyObjectiveC */;
			productType = "com.apple.product-type.tool";
		};
/* End PBXNativeTarget section */

/* Begin PBXProject section */
		5CE241C01BA94BF3003C1A08 /* Project object */ = {
			isa = PBXProject;
			attributes = {
				LastUpgradeCheck = 0700;
				ORGANIZATIONNAME = "Yaroslav Driuchin";
				TargetAttributes = {
					5C16D4311C28108B00865DD5 = {
						CreatedOnToolsVersion = 7.0.1;
					};
					5CE241C71BA94BF3003C1A08 = {
						CreatedOnToolsVersion = 6.4;
					};
					CE4099701BFDC1B00070530B = {
						CreatedOnToolsVersion = 7.1;
					};
				};
			};
			buildConfigurationList = 5CE241C31BA94BF3003C1A08 /* Build configuration list for PBXProject "DYYStudyCoding" */;
			compatibilityVersion = "Xcode 3.2";
			developmentRegion = English;
			hasScannedForEncodings = 0;
			knownRegions = (
				en,
			);
			mainGroup = 5CE241BF1BA94BF3003C1A08;
			productRefGroup = 5CE241C91BA94BF3003C1A08 /* Products */;
			projectDirPath = "";
			projectRoot = "";
			targets = (
				5CE241C71BA94BF3003C1A08 /* DYYStudyCoding */,
				CE4099701BFDC1B00070530B /* DYYStudyObjectiveC */,
				5C16D4311C28108B00865DD5 /* DYYCarwashTest */,
			);
		};
/* End PBXProject section */

/* Begin PBXResourcesBuildPhase section */
		5C16D4301C28108B00865DD5 /* Resources */ = {
			isa = PBXResourcesBuildPhase;
			buildActionMask = 2147483647;
			files = (
			);
			runOnlyForDeploymentPostprocessing = 0;
		};
/* End PBXResourcesBuildPhase section */

/* Begin PBXShellScriptBuildPhase section */
		57A58551BA4089EFE5A455DA /* Copy Pods Resources */ = {
			isa = PBXShellScriptBuildPhase;
			buildActionMask = 2147483647;
			files = (
			);
			inputPaths = (
			);
			name = "Copy Pods Resources";
			outputPaths = (
			);
			runOnlyForDeploymentPostprocessing = 0;
			shellPath = /bin/sh;
			shellScript = "\"${SRCROOT}/Pods/Target Support Files/Pods-DYYCarwashTest/Pods-DYYCarwashTest-resources.sh\"\n";
			showEnvVarsInLog = 0;
		};
		9F62846E23B5EEEDCCA13C75 /* Embed Pods Frameworks */ = {
			isa = PBXShellScriptBuildPhase;
			buildActionMask = 2147483647;
			files = (
			);
			inputPaths = (
			);
			name = "Embed Pods Frameworks";
			outputPaths = (
			);
			runOnlyForDeploymentPostprocessing = 0;
			shellPath = /bin/sh;
			shellScript = "\"${SRCROOT}/Pods/Target Support Files/Pods-DYYCarwashTest/Pods-DYYCarwashTest-frameworks.sh\"\n";
			showEnvVarsInLog = 0;
		};
		E846D7A37CF68D2266BBB2A3 /* Check Pods Manifest.lock */ = {
			isa = PBXShellScriptBuildPhase;
			buildActionMask = 2147483647;
			files = (
			);
			inputPaths = (
			);
			name = "Check Pods Manifest.lock";
			outputPaths = (
			);
			runOnlyForDeploymentPostprocessing = 0;
			shellPath = /bin/sh;
			shellScript = "diff \"${PODS_ROOT}/../Podfile.lock\" \"${PODS_ROOT}/Manifest.lock\" > /dev/null\nif [[ $? != 0 ]] ; then\n    cat << EOM\nerror: The sandbox is not in sync with the Podfile.lock. Run 'pod install' or update your CocoaPods installation.\nEOM\n    exit 1\nfi\n";
			showEnvVarsInLog = 0;
		};
/* End PBXShellScriptBuildPhase section */

/* Begin PBXSourcesBuildPhase section */
		5C16D42E1C28108B00865DD5 /* Sources */ = {
			isa = PBXSourcesBuildPhase;
			buildActionMask = 2147483647;
			files = (
				5C16D44F1C28260400865DD5 /* DYYCarwashEnterprise.h in Sources */,
				5C16D44E1C2825FD00865DD5 /* DYYCarwashEnterprise.m in Sources */,
				5C16D44D1C2825FA00865DD5 /* DYYCarwashMoneyTransferProtocol.h in Sources */,
				5C16D44C1C2825F400865DD5 /* DYYCarwashObserverProtocol.h in Sources */,
				5C16D4451C2825D300865DD5 /* DYYCarwashCar.h in Sources */,
				5C16D4441C2825CF00865DD5 /* DYYCarwashCar.m in Sources */,
				5C16D4431C2825CA00865DD5 /* DYYEmployee.h in Sources */,
				5C16D4421C2825C600865DD5 /* DYYEmployee.m in Sources */,
				5C16D4411C2825C100865DD5 /* DYYCarwashWorker.h in Sources */,
				5C16D4401C2825BB00865DD5 /* DYYCarwashWorker.m in Sources */,
				5C16D43F1C2825B100865DD5 /* DYYCarwashAccountant.h in Sources */,
				5C16D43E1C2825AD00865DD5 /* DYYCarwashAccountant.m in Sources */,
				5C16D43D1C2825A800865DD5 /* DYYCarwashDirector.h in Sources */,
				5C16D43C1C28259F00865DD5 /* DYYCarwashDirector.m in Sources */,
				5C16D4351C28108B00865DD5 /* DYYCarwashTest.m in Sources */,
			);
			runOnlyForDeploymentPostprocessing = 0;
		};
		5CE241C41BA94BF3003C1A08 /* Sources */ = {
			isa = PBXSourcesBuildPhase;
			buildActionMask = 2147483647;
			files = (
				5CAE40571BB28DAD00F0D3BF /* DYYMacroMethodGenerator.c in Sources */,
				5CAE405B1BB2B5DA00F0D3BF /* DYYStructureAlignment.c in Sources */,
				CE1FCBA41BDE6118001DF4C8 /* DYYString.c in Sources */,
				5CEE7D201BC6629200876585 /* DYYTestHumanWithStaticArray.c in Sources */,
				5CC56E801BB929090026FE13 /* DYYPrintDecimalToBinaryOutput.c in Sources */,
				5C01F2AB1BAAAF1C00365F43 /* DYYTestCheckNumbersAndReturnParentType.c in Sources */,
				CE1FCBA01BDE2FA3001DF4C8 /* DYYObject.c in Sources */,
				5CA59D751BCBC6C700DC661E /* DYYTestDecimalToBinaryOutput.c in Sources */,
				5CE241D41BA94FD4003C1A08 /* DYYCheckNumbersAndReturnParentType.c in Sources */,
				CEC926F91BE25A9700F7B926 /* DYYStaticArray.c in Sources */,
				5CE241D71BA96134003C1A08 /* DYYSizeOfCheck.c in Sources */,
				5CE241CC1BA94BF3003C1A08 /* main.c in Sources */,
				CEBB47751BE8E91300EBCEA2 /* DYYDynamicArray.c in Sources */,
				5C1556051BC3F4DD00C69799 /* DYYHuman.c in Sources */,
				CEB30E001BF3737400CF9BA6 /* DYYTestHumanWithDynamicArray.c in Sources */,
				5CB43FC61BAAD7FD002CE815 /* DYYTestReturnParentTypeAssert.c in Sources */,
			);
			runOnlyForDeploymentPostprocessing = 0;
		};
		CE40996D1BFDC1B00070530B /* Sources */ = {
			isa = PBXSourcesBuildPhase;
			buildActionMask = 2147483647;
			files = (
				5C4C561B1C0736F200112BF8 /* NSString+DYYExtensions.m in Sources */,
				5CB254F01C0470F600FAAA3D /* DYYTestCreatureObjectiveC.m in Sources */,
				5C76EA1E1C170901006C007F /* DYYCarwashDirector.m in Sources */,
				5C07EA401C0F1BA40008C2BA /* DYYAlphabet.m in Sources */,
				5CB254F71C0482E800FAAA3D /* DYYCreatureMale.m in Sources */,
				5C327A1A1C29884200AB6528 /* DYYCarwashBasicTest.m in Sources */,
				5CB254F41C04711700FAAA3D /* DYYCreatureArrayOfChildren.m in Sources */,
				5C76EA221C170929006C007F /* DYYCarwashAccountant.m in Sources */,
				CE4099741BFDC1B00070530B /* main.m in Sources */,
				5C649A881C16E33F008A4583 /* DYYCarwashCar.m in Sources */,
				5C52B2361C3C0FD000203250 /* DYYCarwashObservableItem.m in Sources */,
				5C76EA261C170957006C007F /* DYYCarwashWorker.m in Sources */,
				5CB254ED1C0470E400FAAA3D /* DYYCreature.m in Sources */,
				5C649A701C16D7C5008A4583 /* DYYCarwashEnterprise.m in Sources */,
				5C36F0AF1C0C595400991B03 /* DYYTestRandomString.m in Sources */,
				5C649A8C1C16E56A008A4583 /* DYYEmployee.m in Sources */,
				5CB254FB1C04832E00FAAA3D /* DYYCreatureFemale.m in Sources */,
			);
			runOnlyForDeploymentPostprocessing = 0;
		};
/* End PBXSourcesBuildPhase section */

/* Begin XCBuildConfiguration section */
		5C16D4371C28108B00865DD5 /* Debug */ = {
			isa = XCBuildConfiguration;
			baseConfigurationReference = 9BED7D5777CA6D449929C7F6 /* Pods-DYYCarwashTest.debug.xcconfig */;
			buildSettings = {
				COMBINE_HIDPI_IMAGES = YES;
				ENABLE_TESTABILITY = YES;
				INFOPLIST_FILE = DYYCarwashTest/Info.plist;
				LD_RUNPATH_SEARCH_PATHS = "$(inherited) @executable_path/../Frameworks @loader_path/../Frameworks";
				LIBRARY_SEARCH_PATHS = (
					"$(inherited)",
					"$(PROJECT_DIR)/build/Debug",
				);
				MACOSX_DEPLOYMENT_TARGET = 10.10;
				PRODUCT_BUNDLE_IDENTIFIER = DYY.DYYCarwashTest;
				PRODUCT_NAME = "$(TARGET_NAME)";
			};
			name = Debug;
		};
		5C16D4381C28108B00865DD5 /* Release */ = {
			isa = XCBuildConfiguration;
			baseConfigurationReference = 4D01FDCECFE7B8737E91C3EA /* Pods-DYYCarwashTest.release.xcconfig */;
			buildSettings = {
				COMBINE_HIDPI_IMAGES = YES;
				INFOPLIST_FILE = DYYCarwashTest/Info.plist;
				LD_RUNPATH_SEARCH_PATHS = "$(inherited) @executable_path/../Frameworks @loader_path/../Frameworks";
				LIBRARY_SEARCH_PATHS = (
					"$(inherited)",
					"$(PROJECT_DIR)/build/Debug",
				);
				MACOSX_DEPLOYMENT_TARGET = 10.10;
				PRODUCT_BUNDLE_IDENTIFIER = DYY.DYYCarwashTest;
				PRODUCT_NAME = "$(TARGET_NAME)";
			};
			name = Release;
		};
		5CE241CD1BA94BF3003C1A08 /* Debug */ = {
			isa = XCBuildConfiguration;
			buildSettings = {
				ALWAYS_SEARCH_USER_PATHS = NO;
				CLANG_CXX_LANGUAGE_STANDARD = "gnu++0x";
				CLANG_CXX_LIBRARY = "libc++";
				CLANG_ENABLE_MODULES = YES;
				CLANG_ENABLE_OBJC_ARC = YES;
				CLANG_WARN_BOOL_CONVERSION = YES;
				CLANG_WARN_CONSTANT_CONVERSION = YES;
				CLANG_WARN_DIRECT_OBJC_ISA_USAGE = YES_ERROR;
				CLANG_WARN_EMPTY_BODY = YES;
				CLANG_WARN_ENUM_CONVERSION = YES;
				CLANG_WARN_INT_CONVERSION = YES;
				CLANG_WARN_OBJC_ROOT_CLASS = YES_ERROR;
				CLANG_WARN_UNREACHABLE_CODE = YES;
				CLANG_WARN__DUPLICATE_METHOD_MATCH = YES;
				COPY_PHASE_STRIP = NO;
				DEBUG_INFORMATION_FORMAT = dwarf;
				ENABLE_STRICT_OBJC_MSGSEND = YES;
				ENABLE_TESTABILITY = YES;
				GCC_C_LANGUAGE_STANDARD = gnu99;
				GCC_DYNAMIC_NO_PIC = NO;
				GCC_NO_COMMON_BLOCKS = YES;
				GCC_OPTIMIZATION_LEVEL = 0;
				GCC_PREPROCESSOR_DEFINITIONS = (
					"DEBUG=1",
					"$(inherited)",
				);
				GCC_SYMBOLS_PRIVATE_EXTERN = NO;
				GCC_WARN_64_TO_32_BIT_CONVERSION = YES;
				GCC_WARN_ABOUT_RETURN_TYPE = YES_ERROR;
				GCC_WARN_UNDECLARED_SELECTOR = YES;
				GCC_WARN_UNINITIALIZED_AUTOS = YES_AGGRESSIVE;
				GCC_WARN_UNUSED_FUNCTION = YES;
				GCC_WARN_UNUSED_VARIABLE = YES;
				MACOSX_DEPLOYMENT_TARGET = 10.9;
				MTL_ENABLE_DEBUG_INFO = YES;
				ONLY_ACTIVE_ARCH = YES;
				SDKROOT = macosx;
			};
			name = Debug;
		};
		5CE241CE1BA94BF3003C1A08 /* Release */ = {
			isa = XCBuildConfiguration;
			buildSettings = {
				ALWAYS_SEARCH_USER_PATHS = NO;
				CLANG_CXX_LANGUAGE_STANDARD = "gnu++0x";
				CLANG_CXX_LIBRARY = "libc++";
				CLANG_ENABLE_MODULES = YES;
				CLANG_ENABLE_OBJC_ARC = YES;
				CLANG_WARN_BOOL_CONVERSION = YES;
				CLANG_WARN_CONSTANT_CONVERSION = YES;
				CLANG_WARN_DIRECT_OBJC_ISA_USAGE = YES_ERROR;
				CLANG_WARN_EMPTY_BODY = YES;
				CLANG_WARN_ENUM_CONVERSION = YES;
				CLANG_WARN_INT_CONVERSION = YES;
				CLANG_WARN_OBJC_ROOT_CLASS = YES_ERROR;
				CLANG_WARN_UNREACHABLE_CODE = YES;
				CLANG_WARN__DUPLICATE_METHOD_MATCH = YES;
				COPY_PHASE_STRIP = NO;
				DEBUG_INFORMATION_FORMAT = "dwarf-with-dsym";
				ENABLE_NS_ASSERTIONS = NO;
				ENABLE_STRICT_OBJC_MSGSEND = YES;
				GCC_C_LANGUAGE_STANDARD = gnu99;
				GCC_NO_COMMON_BLOCKS = YES;
				GCC_WARN_64_TO_32_BIT_CONVERSION = YES;
				GCC_WARN_ABOUT_RETURN_TYPE = YES_ERROR;
				GCC_WARN_UNDECLARED_SELECTOR = YES;
				GCC_WARN_UNINITIALIZED_AUTOS = YES_AGGRESSIVE;
				GCC_WARN_UNUSED_FUNCTION = YES;
				GCC_WARN_UNUSED_VARIABLE = YES;
				MACOSX_DEPLOYMENT_TARGET = 10.9;
				MTL_ENABLE_DEBUG_INFO = NO;
				SDKROOT = macosx;
			};
			name = Release;
		};
		5CE241D01BA94BF3003C1A08 /* Debug */ = {
			isa = XCBuildConfiguration;
			buildSettings = {
				PRODUCT_NAME = "$(TARGET_NAME)";
			};
			name = Debug;
		};
		5CE241D11BA94BF3003C1A08 /* Release */ = {
			isa = XCBuildConfiguration;
			buildSettings = {
				PRODUCT_NAME = "$(TARGET_NAME)";
			};
			name = Release;
		};
		CE4099761BFDC1B00070530B /* Debug */ = {
			isa = XCBuildConfiguration;
			buildSettings = {
				CLANG_ENABLE_OBJC_ARC = NO;
				CODE_SIGN_IDENTITY = "-";
				ENABLE_TESTABILITY = YES;
				MACOSX_DEPLOYMENT_TARGET = 10.9;
				PRODUCT_NAME = "$(TARGET_NAME)";
			};
			name = Debug;
		};
		CE4099771BFDC1B00070530B /* Release */ = {
			isa = XCBuildConfiguration;
			buildSettings = {
				CLANG_ENABLE_OBJC_ARC = NO;
				CODE_SIGN_IDENTITY = "-";
				MACOSX_DEPLOYMENT_TARGET = 10.9;
				PRODUCT_NAME = "$(TARGET_NAME)";
			};
			name = Release;
		};
/* End XCBuildConfiguration section */

/* Begin XCConfigurationList section */
		5C16D4391C28108B00865DD5 /* Build configuration list for PBXNativeTarget "DYYCarwashTest" */ = {
			isa = XCConfigurationList;
			buildConfigurations = (
				5C16D4371C28108B00865DD5 /* Debug */,
				5C16D4381C28108B00865DD5 /* Release */,
			);
			defaultConfigurationIsVisible = 0;
			defaultConfigurationName = Release;
		};
		5CE241C31BA94BF3003C1A08 /* Build configuration list for PBXProject "DYYStudyCoding" */ = {
			isa = XCConfigurationList;
			buildConfigurations = (
				5CE241CD1BA94BF3003C1A08 /* Debug */,
				5CE241CE1BA94BF3003C1A08 /* Release */,
			);
			defaultConfigurationIsVisible = 0;
			defaultConfigurationName = Release;
		};
		5CE241CF1BA94BF3003C1A08 /* Build configuration list for PBXNativeTarget "DYYStudyCoding" */ = {
			isa = XCConfigurationList;
			buildConfigurations = (
				5CE241D01BA94BF3003C1A08 /* Debug */,
				5CE241D11BA94BF3003C1A08 /* Release */,
			);
			defaultConfigurationIsVisible = 0;
			defaultConfigurationName = Release;
		};
		CE4099751BFDC1B00070530B /* Build configuration list for PBXNativeTarget "DYYStudyObjectiveC" */ = {
			isa = XCConfigurationList;
			buildConfigurations = (
				CE4099761BFDC1B00070530B /* Debug */,
				CE4099771BFDC1B00070530B /* Release */,
			);
			defaultConfigurationIsVisible = 0;
			defaultConfigurationName = Release;
		};
/* End XCConfigurationList section */
	};
	rootObject = 5CE241C01BA94BF3003C1A08 /* Project object */;
}
