// !$*UTF8*$!
{
	archiveVersion = 1;
	classes = {
	};
	objectVersion = 46;
	objects = {

/* Begin PBXBuildFile section */
		5C01F2AB1BAAAF1C00365F43 /* DYYTestCheckNumbersAndReturnParentType.c in Sources */ = {isa = PBXBuildFile; fileRef = 5C01F2A91BAAAF1C00365F43 /* DYYTestCheckNumbersAndReturnParentType.c */; };
		5C1556051BC3F4DD00C69799 /* DYYHuman.c in Sources */ = {isa = PBXBuildFile; fileRef = 5C1556031BC3F4DD00C69799 /* DYYHuman.c */; };
		5CA59D751BCBC6C700DC661E /* DYYTestDecimalToBinaryOutput.c in Sources */ = {isa = PBXBuildFile; fileRef = 5CA59D731BCBC6C700DC661E /* DYYTestDecimalToBinaryOutput.c */; };
		5CAE40571BB28DAD00F0D3BF /* DYYMacroMethodGenerator.c in Sources */ = {isa = PBXBuildFile; fileRef = 5CAE40551BB28DAD00F0D3BF /* DYYMacroMethodGenerator.c */; };
		5CAE405B1BB2B5DA00F0D3BF /* DYYStructureAlignment.c in Sources */ = {isa = PBXBuildFile; fileRef = 5CAE40591BB2B5DA00F0D3BF /* DYYStructureAlignment.c */; };
		5CB43FC61BAAD7FD002CE815 /* DYYTestReturnParentTypeAssert.c in Sources */ = {isa = PBXBuildFile; fileRef = 5CB43FC41BAAD7FD002CE815 /* DYYTestReturnParentTypeAssert.c */; };
		5CC56E801BB929090026FE13 /* DYYPrintDecimalToBinaryOutput.c in Sources */ = {isa = PBXBuildFile; fileRef = 5CC56E7E1BB929090026FE13 /* DYYPrintDecimalToBinaryOutput.c */; };
		5CE241CC1BA94BF3003C1A08 /* main.c in Sources */ = {isa = PBXBuildFile; fileRef = 5CE241CB1BA94BF3003C1A08 /* main.c */; };
		5CE241D41BA94FD4003C1A08 /* DYYCheckNumbersAndReturnParentType.c in Sources */ = {isa = PBXBuildFile; fileRef = 5CE241D21BA94FD4003C1A08 /* DYYCheckNumbersAndReturnParentType.c */; };
		5CE241D71BA96134003C1A08 /* DYYSizeOfCheck.c in Sources */ = {isa = PBXBuildFile; fileRef = 5CE241D51BA96134003C1A08 /* DYYSizeOfCheck.c */; };
		5CEE7D201BC6629200876585 /* DYYTestHumanWithStaticArray.c in Sources */ = {isa = PBXBuildFile; fileRef = 5CEE7D1E1BC6629200876585 /* DYYTestHumanWithStaticArray.c */; };
		CE1FCBA01BDE2FA3001DF4C8 /* DYYObject.c in Sources */ = {isa = PBXBuildFile; fileRef = CE1FCB9E1BDE2FA3001DF4C8 /* DYYObject.c */; };
		CE1FCBA41BDE6118001DF4C8 /* DYYString.c in Sources */ = {isa = PBXBuildFile; fileRef = CE1FCBA21BDE6118001DF4C8 /* DYYString.c */; };
		CE4099741BFDC1B00070530B /* main.m in Sources */ = {isa = PBXBuildFile; fileRef = CE4099731BFDC1B00070530B /* main.m */; };
		CE4099781BFDD1AB0070530B /* DYYCreature.m in Sources */ = {isa = PBXBuildFile; fileRef = CE40996A1BFDBEF00070530B /* DYYCreature.m */; };
		CE40997B1BFDFD900070530B /* DYYCreatureArrayOfChildren.m in Sources */ = {isa = PBXBuildFile; fileRef = CE40997A1BFDFD900070530B /* DYYCreatureArrayOfChildren.m */; };
		CE782BFC1BFF492C00C74AB4 /* DYYTestCreatureObjectiveC.m in Sources */ = {isa = PBXBuildFile; fileRef = CE782BFB1BFF492C00C74AB4 /* DYYTestCreatureObjectiveC.m */; };
		CEB30E001BF3737400CF9BA6 /* DYYTestHumanWithDynamicArray.c in Sources */ = {isa = PBXBuildFile; fileRef = CEB30DFE1BF3737400CF9BA6 /* DYYTestHumanWithDynamicArray.c */; };
		CEBB47751BE8E91300EBCEA2 /* DYYDynamicArray.c in Sources */ = {isa = PBXBuildFile; fileRef = CEBB47731BE8E91300EBCEA2 /* DYYDynamicArray.c */; };
		CEC926F91BE25A9700F7B926 /* DYYStaticArray.c in Sources */ = {isa = PBXBuildFile; fileRef = CEC926F71BE25A9700F7B926 /* DYYStaticArray.c */; };
/* End PBXBuildFile section */

/* Begin PBXCopyFilesBuildPhase section */
		5CE241C61BA94BF3003C1A08 /* CopyFiles */ = {
			isa = PBXCopyFilesBuildPhase;
			buildActionMask = 2147483647;
			dstPath = /usr/share/man/man1/;
			dstSubfolderSpec = 0;
			files = (
			);
			runOnlyForDeploymentPostprocessing = 1;
		};
		CE40996F1BFDC1B00070530B /* CopyFiles */ = {
			isa = PBXCopyFilesBuildPhase;
			buildActionMask = 2147483647;
			dstPath = /usr/share/man/man1/;
			dstSubfolderSpec = 0;
			files = (
			);
			runOnlyForDeploymentPostprocessing = 1;
		};
/* End PBXCopyFilesBuildPhase section */

/* Begin PBXFileReference section */
		5C01F2A91BAAAF1C00365F43 /* DYYTestCheckNumbersAndReturnParentType.c */ = {isa = PBXFileReference; fileEncoding = 4; lastKnownFileType = sourcecode.c.c; name = DYYTestCheckNumbersAndReturnParentType.c; path = DYYStudyCoding/Tests/DYYTestCheckNumbersAndReturnParentType.c; sourceTree = "<group>"; };
		5C01F2AA1BAAAF1C00365F43 /* DYYTestCheckNumbersAndReturnParentType.h */ = {isa = PBXFileReference; fileEncoding = 4; lastKnownFileType = sourcecode.c.h; name = DYYTestCheckNumbersAndReturnParentType.h; path = DYYStudyCoding/Tests/DYYTestCheckNumbersAndReturnParentType.h; sourceTree = "<group>"; };
		5C1556031BC3F4DD00C69799 /* DYYHuman.c */ = {isa = PBXFileReference; fileEncoding = 4; lastKnownFileType = sourcecode.c.c; name = DYYHuman.c; path = DYYStudyCoding/DYYHumanObject/DYYHuman.c; sourceTree = "<group>"; };
		5C1556041BC3F4DD00C69799 /* DYYHuman.h */ = {isa = PBXFileReference; fileEncoding = 4; lastKnownFileType = sourcecode.c.h; name = DYYHuman.h; path = DYYStudyCoding/DYYHumanObject/DYYHuman.h; sourceTree = "<group>"; };
		5CA59D731BCBC6C700DC661E /* DYYTestDecimalToBinaryOutput.c */ = {isa = PBXFileReference; fileEncoding = 4; lastKnownFileType = sourcecode.c.c; name = DYYTestDecimalToBinaryOutput.c; path = DYYStudyCoding/Tests/DYYTestDecimalToBinaryOutput.c; sourceTree = "<group>"; };
		5CA59D741BCBC6C700DC661E /* DYYTestDecimalToBinaryOutput.h */ = {isa = PBXFileReference; fileEncoding = 4; lastKnownFileType = sourcecode.c.h; name = DYYTestDecimalToBinaryOutput.h; path = DYYStudyCoding/Tests/DYYTestDecimalToBinaryOutput.h; sourceTree = "<group>"; };
		5CAE40551BB28DAD00F0D3BF /* DYYMacroMethodGenerator.c */ = {isa = PBXFileReference; fileEncoding = 4; lastKnownFileType = sourcecode.c.c; name = DYYMacroMethodGenerator.c; path = DYYStudyCoding/DYYMacroMethodGenerator/DYYMacroMethodGenerator.c; sourceTree = "<group>"; };
		5CAE40561BB28DAD00F0D3BF /* DYYMacroMethodGenerator.h */ = {isa = PBXFileReference; fileEncoding = 4; lastKnownFileType = sourcecode.c.h; name = DYYMacroMethodGenerator.h; path = DYYStudyCoding/DYYMacroMethodGenerator/DYYMacroMethodGenerator.h; sourceTree = "<group>"; };
		5CAE40591BB2B5DA00F0D3BF /* DYYStructureAlignment.c */ = {isa = PBXFileReference; fileEncoding = 4; lastKnownFileType = sourcecode.c.c; name = DYYStructureAlignment.c; path = DYYStudyCoding/DYYStructureAlignment/DYYStructureAlignment.c; sourceTree = "<group>"; };
		5CAE405A1BB2B5DA00F0D3BF /* DYYStructureAlignment.h */ = {isa = PBXFileReference; fileEncoding = 4; lastKnownFileType = sourcecode.c.h; name = DYYStructureAlignment.h; path = DYYStudyCoding/DYYStructureAlignment/DYYStructureAlignment.h; sourceTree = "<group>"; };
		5CB43FC41BAAD7FD002CE815 /* DYYTestReturnParentTypeAssert.c */ = {isa = PBXFileReference; fileEncoding = 4; lastKnownFileType = sourcecode.c.c; name = DYYTestReturnParentTypeAssert.c; path = DYYStudyCoding/Tests/DYYTestReturnParentTypeAssert.c; sourceTree = "<group>"; };
		5CB43FC51BAAD7FD002CE815 /* DYYTestReturnParentTypeAssert.h */ = {isa = PBXFileReference; fileEncoding = 4; lastKnownFileType = sourcecode.c.h; name = DYYTestReturnParentTypeAssert.h; path = DYYStudyCoding/Tests/DYYTestReturnParentTypeAssert.h; sourceTree = "<group>"; };
		5CC56E7E1BB929090026FE13 /* DYYPrintDecimalToBinaryOutput.c */ = {isa = PBXFileReference; fileEncoding = 4; lastKnownFileType = sourcecode.c.c; name = DYYPrintDecimalToBinaryOutput.c; path = DYYStudyCoding/DYYBinaryOutputTranslator/DYYPrintDecimalToBinaryOutput.c; sourceTree = "<group>"; };
		5CC56E7F1BB929090026FE13 /* DYYPrintDecimalToBinaryOutput.h */ = {isa = PBXFileReference; fileEncoding = 4; lastKnownFileType = sourcecode.c.h; name = DYYPrintDecimalToBinaryOutput.h; path = DYYStudyCoding/DYYBinaryOutputTranslator/DYYPrintDecimalToBinaryOutput.h; sourceTree = "<group>"; };
		5CE241C81BA94BF3003C1A08 /* DYYStudyCoding */ = {isa = PBXFileReference; explicitFileType = "compiled.mach-o.executable"; includeInIndex = 0; path = DYYStudyCoding; sourceTree = BUILT_PRODUCTS_DIR; };
		5CE241CB1BA94BF3003C1A08 /* main.c */ = {isa = PBXFileReference; lastKnownFileType = sourcecode.c.c; path = main.c; sourceTree = "<group>"; };
		5CE241D21BA94FD4003C1A08 /* DYYCheckNumbersAndReturnParentType.c */ = {isa = PBXFileReference; fileEncoding = 4; lastKnownFileType = sourcecode.c.c; name = DYYCheckNumbersAndReturnParentType.c; path = DYYCheckNumbersAndReturnValue/DYYCheckNumbersAndReturnParentType.c; sourceTree = "<group>"; };
		5CE241D31BA94FD4003C1A08 /* DYYCheckNumbersAndReturnParentType.h */ = {isa = PBXFileReference; fileEncoding = 4; lastKnownFileType = sourcecode.c.h; name = DYYCheckNumbersAndReturnParentType.h; path = DYYCheckNumbersAndReturnValue/DYYCheckNumbersAndReturnParentType.h; sourceTree = "<group>"; };
		5CE241D51BA96134003C1A08 /* DYYSizeOfCheck.c */ = {isa = PBXFileReference; fileEncoding = 4; lastKnownFileType = sourcecode.c.c; name = DYYSizeOfCheck.c; path = DYYSizeofCheck/DYYSizeOfCheck.c; sourceTree = "<group>"; };
		5CE241D61BA96134003C1A08 /* DYYSizeOfCheck.h */ = {isa = PBXFileReference; fileEncoding = 4; lastKnownFileType = sourcecode.c.h; name = DYYSizeOfCheck.h; path = DYYSizeofCheck/DYYSizeOfCheck.h; sourceTree = "<group>"; };
		5CEE7D1E1BC6629200876585 /* DYYTestHumanWithStaticArray.c */ = {isa = PBXFileReference; fileEncoding = 4; lastKnownFileType = sourcecode.c.c; name = DYYTestHumanWithStaticArray.c; path = DYYStudyCoding/Tests/DYYTestHumanWithStaticArray.c; sourceTree = "<group>"; };
		5CEE7D1F1BC6629200876585 /* DYYTestHumanWithStaticArray.h */ = {isa = PBXFileReference; fileEncoding = 4; lastKnownFileType = sourcecode.c.h; name = DYYTestHumanWithStaticArray.h; path = DYYStudyCoding/Tests/DYYTestHumanWithStaticArray.h; sourceTree = "<group>"; };
		CE1FCB9E1BDE2FA3001DF4C8 /* DYYObject.c */ = {isa = PBXFileReference; fileEncoding = 4; lastKnownFileType = sourcecode.c.c; name = DYYObject.c; path = DYYStudyCoding/DYYObject/DYYObject.c; sourceTree = "<group>"; };
		CE1FCB9F1BDE2FA3001DF4C8 /* DYYObject.h */ = {isa = PBXFileReference; fileEncoding = 4; lastKnownFileType = sourcecode.c.h; name = DYYObject.h; path = DYYStudyCoding/DYYObject/DYYObject.h; sourceTree = "<group>"; };
		CE1FCBA21BDE6118001DF4C8 /* DYYString.c */ = {isa = PBXFileReference; fileEncoding = 4; lastKnownFileType = sourcecode.c.c; name = DYYString.c; path = DYYStudyCoding/DYYStringObject/DYYString.c; sourceTree = "<group>"; };
		CE1FCBA31BDE6118001DF4C8 /* DYYString.h */ = {isa = PBXFileReference; fileEncoding = 4; lastKnownFileType = sourcecode.c.h; name = DYYString.h; path = DYYStudyCoding/DYYStringObject/DYYString.h; sourceTree = "<group>"; };
		CE1FCBA61BDE6A84001DF4C8 /* DYYMacro.h */ = {isa = PBXFileReference; lastKnownFileType = sourcecode.c.h; path = DYYMacro.h; sourceTree = "<group>"; };
		CE4099691BFDBEF00070530B /* DYYCreature.h */ = {isa = PBXFileReference; fileEncoding = 4; lastKnownFileType = sourcecode.c.h; name = DYYCreature.h; path = DYYStudyCoding/DYYCreatureInObjectiveC/DYYCreature.h; sourceTree = "<group>"; };
		CE40996A1BFDBEF00070530B /* DYYCreature.m */ = {isa = PBXFileReference; fileEncoding = 4; lastKnownFileType = sourcecode.c.objc; name = DYYCreature.m; path = DYYStudyCoding/DYYCreatureInObjectiveC/DYYCreature.m; sourceTree = "<group>"; };
		CE4099711BFDC1B00070530B /* DYYStudyObjectiveC */ = {isa = PBXFileReference; explicitFileType = "compiled.mach-o.executable"; includeInIndex = 0; path = DYYStudyObjectiveC; sourceTree = BUILT_PRODUCTS_DIR; };
		CE4099731BFDC1B00070530B /* main.m */ = {isa = PBXFileReference; lastKnownFileType = sourcecode.c.objc; path = main.m; sourceTree = "<group>"; };
		CE4099791BFDFD900070530B /* DYYCreatureArrayOfChildren.h */ = {isa = PBXFileReference; fileEncoding = 4; lastKnownFileType = sourcecode.c.h; name = DYYCreatureArrayOfChildren.h; path = DYYStudyCoding/DYYCreatureInObjectiveC/DYYCreatureArrayOfChildren.h; sourceTree = "<group>"; };
		CE40997A1BFDFD900070530B /* DYYCreatureArrayOfChildren.m */ = {isa = PBXFileReference; fileEncoding = 4; lastKnownFileType = sourcecode.c.objc; name = DYYCreatureArrayOfChildren.m; path = DYYStudyCoding/DYYCreatureInObjectiveC/DYYCreatureArrayOfChildren.m; sourceTree = "<group>"; };
		CE782BFA1BFF492C00C74AB4 /* DYYTestCreatureObjectiveC.h */ = {isa = PBXFileReference; fileEncoding = 4; lastKnownFileType = sourcecode.c.h; name = DYYTestCreatureObjectiveC.h; path = DYYStudyCoding/Tests/DYYTestCreatureObjectiveC.h; sourceTree = "<group>"; };
		CE782BFB1BFF492C00C74AB4 /* DYYTestCreatureObjectiveC.m */ = {isa = PBXFileReference; fileEncoding = 4; lastKnownFileType = sourcecode.c.objc; name = DYYTestCreatureObjectiveC.m; path = DYYStudyCoding/Tests/DYYTestCreatureObjectiveC.m; sourceTree = "<group>"; };
		CEB30DFE1BF3737400CF9BA6 /* DYYTestHumanWithDynamicArray.c */ = {isa = PBXFileReference; fileEncoding = 4; lastKnownFileType = sourcecode.c.c; name = DYYTestHumanWithDynamicArray.c; path = DYYStudyCoding/Tests/DYYTestHumanWithDynamicArray.c; sourceTree = "<group>"; };
		CEB30DFF1BF3737400CF9BA6 /* DYYTestHumanWithDynamicArray.h */ = {isa = PBXFileReference; fileEncoding = 4; lastKnownFileType = sourcecode.c.h; name = DYYTestHumanWithDynamicArray.h; path = DYYStudyCoding/Tests/DYYTestHumanWithDynamicArray.h; sourceTree = "<group>"; };
		CEBB47731BE8E91300EBCEA2 /* DYYDynamicArray.c */ = {isa = PBXFileReference; fileEncoding = 4; lastKnownFileType = sourcecode.c.c; name = DYYDynamicArray.c; path = DYYStudyCoding/DYYDynamicArrayObject/DYYDynamicArray.c; sourceTree = "<group>"; };
		CEBB47741BE8E91300EBCEA2 /* DYYDynamicArray.h */ = {isa = PBXFileReference; fileEncoding = 4; lastKnownFileType = sourcecode.c.h; name = DYYDynamicArray.h; path = DYYStudyCoding/DYYDynamicArrayObject/DYYDynamicArray.h; sourceTree = "<group>"; };
		CEC926F71BE25A9700F7B926 /* DYYStaticArray.c */ = {isa = PBXFileReference; fileEncoding = 4; lastKnownFileType = sourcecode.c.c; name = DYYStaticArray.c; path = DYYStudyCoding/DYYStaticArrayObject/DYYStaticArray.c; sourceTree = "<group>"; };
		CEC926F81BE25A9700F7B926 /* DYYStaticArray.h */ = {isa = PBXFileReference; fileEncoding = 4; lastKnownFileType = sourcecode.c.h; name = DYYStaticArray.h; path = DYYStudyCoding/DYYStaticArrayObject/DYYStaticArray.h; sourceTree = "<group>"; };
/* End PBXFileReference section */

/* Begin PBXFrameworksBuildPhase section */
		5CE241C51BA94BF3003C1A08 /* Frameworks */ = {
			isa = PBXFrameworksBuildPhase;
			buildActionMask = 2147483647;
			files = (
			);
			runOnlyForDeploymentPostprocessing = 0;
		};
		CE40996E1BFDC1B00070530B /* Frameworks */ = {
			isa = PBXFrameworksBuildPhase;
			buildActionMask = 2147483647;
			files = (
			);
			runOnlyForDeploymentPostprocessing = 0;
		};
/* End PBXFrameworksBuildPhase section */

/* Begin PBXGroup section */
		5C01F2A71BAA98A300365F43 /* DYYSizeofCheck */ = {
			isa = PBXGroup;
			children = (
				5CE241D51BA96134003C1A08 /* DYYSizeOfCheck.c */,
				5CE241D61BA96134003C1A08 /* DYYSizeOfCheck.h */,
			);
			name = DYYSizeofCheck;
			sourceTree = "<group>";
		};
		5C01F2A81BAA98C300365F43 /* DYYCheckNumbersAndReturnParentType */ = {
			isa = PBXGroup;
			children = (
				5CE241D21BA94FD4003C1A08 /* DYYCheckNumbersAndReturnParentType.c */,
				5CE241D31BA94FD4003C1A08 /* DYYCheckNumbersAndReturnParentType.h */,
			);
			name = DYYCheckNumbersAndReturnParentType;
			sourceTree = "<group>";
		};
		5C01F2AC1BAAAF2B00365F43 /* Tests */ = {
			isa = PBXGroup;
			children = (
				CE45AAFF1BD8E15500460AF7 /* DYYTestCheckNumbersReturnParentType */,
				CE45AB001BD8E17300460AF7 /* DYYTestParentTypeAssert */,
				CE45AB011BD8E19100460AF7 /* DYYTestDecimalToBinaryOutput */,
				CE45AB021BD8E1A900460AF7 /* DYYTestHumanObject */,
			);
			name = Tests;
			sourceTree = "<group>";
		};
		5C1556061BC3F51E00C69799 /* DYYHuman */ = {
			isa = PBXGroup;
			children = (
				5C1556031BC3F4DD00C69799 /* DYYHuman.c */,
				5C1556041BC3F4DD00C69799 /* DYYHuman.h */,
			);
			name = DYYHuman;
			path = ..;
			sourceTree = "<group>";
		};
		5C2D46851C0315D1003C121C /* DYYCreatureChildrenArray */ = {
			isa = PBXGroup;
			children = (
				CE4099791BFDFD900070530B /* DYYCreatureArrayOfChildren.h */,
				CE40997A1BFDFD900070530B /* DYYCreatureArrayOfChildren.m */,
			);
			name = DYYCreatureChildrenArray;
			path = ..;
			sourceTree = "<group>";
		};
		5C2D46861C0315FA003C121C /* DYYCreature */ = {
			isa = PBXGroup;
			children = (
				CE4099691BFDBEF00070530B /* DYYCreature.h */,
				CE40996A1BFDBEF00070530B /* DYYCreature.m */,
			);
			name = DYYCreature;
			path = ..;
			sourceTree = "<group>";
		};
		5CAE40581BB28DBC00F0D3BF /* DYYMacroMethodGenerator */ = {
			isa = PBXGroup;
			children = (
				5CAE40551BB28DAD00F0D3BF /* DYYMacroMethodGenerator.c */,
				5CAE40561BB28DAD00F0D3BF /* DYYMacroMethodGenerator.h */,
			);
			name = DYYMacroMethodGenerator;
			path = ..;
			sourceTree = "<group>";
		};
		5CAE405C1BB2B5E800F0D3BF /* DYYStructureAlignment */ = {
			isa = PBXGroup;
			children = (
				5CAE40591BB2B5DA00F0D3BF /* DYYStructureAlignment.c */,
				5CAE405A1BB2B5DA00F0D3BF /* DYYStructureAlignment.h */,
			);
			name = DYYStructureAlignment;
			path = ..;
			sourceTree = "<group>";
		};
		5CC56E811BB929110026FE13 /* DYYPrintDecimalToBinaryOutput */ = {
			isa = PBXGroup;
			children = (
				5CC56E7E1BB929090026FE13 /* DYYPrintDecimalToBinaryOutput.c */,
				5CC56E7F1BB929090026FE13 /* DYYPrintDecimalToBinaryOutput.h */,
			);
			name = DYYPrintDecimalToBinaryOutput;
			path = ..;
			sourceTree = "<group>";
		};
		5CE241BF1BA94BF3003C1A08 = {
			isa = PBXGroup;
			children = (
				5C01F2AC1BAAAF2B00365F43 /* Tests */,
				5CE241CA1BA94BF3003C1A08 /* DYYStudyCoding */,
				CE4099721BFDC1B00070530B /* DYYStudyObjectiveC */,
				5CE241C91BA94BF3003C1A08 /* Products */,
			);
			sourceTree = "<group>";
		};
		5CE241C91BA94BF3003C1A08 /* Products */ = {
			isa = PBXGroup;
			children = (
				5CE241C81BA94BF3003C1A08 /* DYYStudyCoding */,
				CE4099711BFDC1B00070530B /* DYYStudyObjectiveC */,
			);
			name = Products;
			sourceTree = "<group>";
		};
		5CE241CA1BA94BF3003C1A08 /* DYYStudyCoding */ = {
			isa = PBXGroup;
			children = (
				CE1FCBA61BDE6A84001DF4C8 /* DYYMacro.h */,
				CE1FCBA11BDE2FBD001DF4C8 /* DYYObject */,
				5C1556061BC3F51E00C69799 /* DYYHuman */,
				CEBB47761BE8E91900EBCEA2 /* DYYDynamicArray */,
				CEC926FA1BE25A9D00F7B926 /* DYYStaticArray */,
				CE1FCBA51BDE611E001DF4C8 /* DYYString */,
				5CC56E811BB929110026FE13 /* DYYPrintDecimalToBinaryOutput */,
				5CAE405C1BB2B5E800F0D3BF /* DYYStructureAlignment */,
				5CAE40581BB28DBC00F0D3BF /* DYYMacroMethodGenerator */,
				5CE241CB1BA94BF3003C1A08 /* main.c */,
				5C01F2A71BAA98A300365F43 /* DYYSizeofCheck */,
				5C01F2A81BAA98C300365F43 /* DYYCheckNumbersAndReturnParentType */,
			);
			path = DYYStudyCoding;
			sourceTree = "<group>";
		};
		CE1FCBA11BDE2FBD001DF4C8 /* DYYObject */ = {
			isa = PBXGroup;
			children = (
				CE1FCB9E1BDE2FA3001DF4C8 /* DYYObject.c */,
				CE1FCB9F1BDE2FA3001DF4C8 /* DYYObject.h */,
			);
			name = DYYObject;
			path = ..;
			sourceTree = "<group>";
		};
		CE1FCBA51BDE611E001DF4C8 /* DYYString */ = {
			isa = PBXGroup;
			children = (
				CE1FCBA21BDE6118001DF4C8 /* DYYString.c */,
				CE1FCBA31BDE6118001DF4C8 /* DYYString.h */,
			);
			name = DYYString;
			path = ..;
			sourceTree = "<group>";
		};
		CE4099721BFDC1B00070530B /* DYYStudyObjectiveC */ = {
			isa = PBXGroup;
			children = (
				5C2D46851C0315D1003C121C /* DYYCreatureChildrenArray */,
				5C2D46861C0315FA003C121C /* DYYCreature */,
				CE782BFD1BFF493400C74AB4 /* DYYTestCreatureObjectiveC */,
				CE4099731BFDC1B00070530B /* main.m */,
			);
			path = DYYStudyObjectiveC;
			sourceTree = "<group>";
		};
		CE45AAFF1BD8E15500460AF7 /* DYYTestCheckNumbersReturnParentType */ = {
			isa = PBXGroup;
			children = (
				5C01F2A91BAAAF1C00365F43 /* DYYTestCheckNumbersAndReturnParentType.c */,
				5C01F2AA1BAAAF1C00365F43 /* DYYTestCheckNumbersAndReturnParentType.h */,
			);
			name = DYYTestCheckNumbersReturnParentType;
			sourceTree = "<group>";
		};
		CE45AB001BD8E17300460AF7 /* DYYTestParentTypeAssert */ = {
			isa = PBXGroup;
			children = (
				5CB43FC41BAAD7FD002CE815 /* DYYTestReturnParentTypeAssert.c */,
				5CB43FC51BAAD7FD002CE815 /* DYYTestReturnParentTypeAssert.h */,
			);
			name = DYYTestParentTypeAssert;
			sourceTree = "<group>";
		};
		CE45AB011BD8E19100460AF7 /* DYYTestDecimalToBinaryOutput */ = {
			isa = PBXGroup;
			children = (
				5CA59D731BCBC6C700DC661E /* DYYTestDecimalToBinaryOutput.c */,
				5CA59D741BCBC6C700DC661E /* DYYTestDecimalToBinaryOutput.h */,
			);
			name = DYYTestDecimalToBinaryOutput;
			sourceTree = "<group>";
		};
		CE45AB021BD8E1A900460AF7 /* DYYTestHumanObject */ = {
			isa = PBXGroup;
			children = (
				5CEE7D1E1BC6629200876585 /* DYYTestHumanWithStaticArray.c */,
				5CEE7D1F1BC6629200876585 /* DYYTestHumanWithStaticArray.h */,
				CEB30DFE1BF3737400CF9BA6 /* DYYTestHumanWithDynamicArray.c */,
				CEB30DFF1BF3737400CF9BA6 /* DYYTestHumanWithDynamicArray.h */,
			);
			name = DYYTestHumanObject;
			sourceTree = "<group>";
		};
		CE782BFD1BFF493400C74AB4 /* DYYTestCreatureObjectiveC */ = {
			isa = PBXGroup;
			children = (
				CE782BFA1BFF492C00C74AB4 /* DYYTestCreatureObjectiveC.h */,
				CE782BFB1BFF492C00C74AB4 /* DYYTestCreatureObjectiveC.m */,
			);
			name = DYYTestCreatureObjectiveC;
			path = ..;
			sourceTree = "<group>";
		};
		CEBB47761BE8E91900EBCEA2 /* DYYDynamicArray */ = {
			isa = PBXGroup;
			children = (
				CEBB47731BE8E91300EBCEA2 /* DYYDynamicArray.c */,
				CEBB47741BE8E91300EBCEA2 /* DYYDynamicArray.h */,
			);
			name = DYYDynamicArray;
			path = ..;
			sourceTree = "<group>";
		};
		CEC926FA1BE25A9D00F7B926 /* DYYStaticArray */ = {
			isa = PBXGroup;
			children = (
				CEC926F71BE25A9700F7B926 /* DYYStaticArray.c */,
				CEC926F81BE25A9700F7B926 /* DYYStaticArray.h */,
			);
			name = DYYStaticArray;
			path = ..;
			sourceTree = "<group>";
		};
/* End PBXGroup section */

/* Begin PBXNativeTarget section */
		5CE241C71BA94BF3003C1A08 /* DYYStudyCoding */ = {
			isa = PBXNativeTarget;
			buildConfigurationList = 5CE241CF1BA94BF3003C1A08 /* Build configuration list for PBXNativeTarget "DYYStudyCoding" */;
			buildPhases = (
				5CE241C41BA94BF3003C1A08 /* Sources */,
				5CE241C51BA94BF3003C1A08 /* Frameworks */,
				5CE241C61BA94BF3003C1A08 /* CopyFiles */,
			);
			buildRules = (
			);
			dependencies = (
			);
			name = DYYStudyCoding;
			productName = DYYStudyCoding;
			productReference = 5CE241C81BA94BF3003C1A08 /* DYYStudyCoding */;
			productType = "com.apple.product-type.tool";
		};
		CE4099701BFDC1B00070530B /* DYYStudyObjectiveC */ = {
			isa = PBXNativeTarget;
			buildConfigurationList = CE4099751BFDC1B00070530B /* Build configuration list for PBXNativeTarget "DYYStudyObjectiveC" */;
			buildPhases = (
				CE40996D1BFDC1B00070530B /* Sources */,
				CE40996E1BFDC1B00070530B /* Frameworks */,
				CE40996F1BFDC1B00070530B /* CopyFiles */,
			);
			buildRules = (
			);
			dependencies = (
			);
			name = DYYStudyObjectiveC;
			productName = DYYStudyObjectiveC;
			productReference = CE4099711BFDC1B00070530B /* DYYStudyObjectiveC */;
			productType = "com.apple.product-type.tool";
		};
/* End PBXNativeTarget section */

/* Begin PBXProject section */
		5CE241C01BA94BF3003C1A08 /* Project object */ = {
			isa = PBXProject;
			attributes = {
				LastUpgradeCheck = 0640;
				ORGANIZATIONNAME = "Yaroslav Driuchin";
				TargetAttributes = {
					5CE241C71BA94BF3003C1A08 = {
						CreatedOnToolsVersion = 6.4;
					};
					CE4099701BFDC1B00070530B = {
						CreatedOnToolsVersion = 7.1;
					};
				};
			};
			buildConfigurationList = 5CE241C31BA94BF3003C1A08 /* Build configuration list for PBXProject "DYYStudyCoding" */;
			compatibilityVersion = "Xcode 3.2";
			developmentRegion = English;
			hasScannedForEncodings = 0;
			knownRegions = (
				en,
			);
			mainGroup = 5CE241BF1BA94BF3003C1A08;
			productRefGroup = 5CE241C91BA94BF3003C1A08 /* Products */;
			projectDirPath = "";
			projectRoot = "";
			targets = (
				5CE241C71BA94BF3003C1A08 /* DYYStudyCoding */,
				CE4099701BFDC1B00070530B /* DYYStudyObjectiveC */,
			);
		};
/* End PBXProject section */

/* Begin PBXSourcesBuildPhase section */
		5CE241C41BA94BF3003C1A08 /* Sources */ = {
			isa = PBXSourcesBuildPhase;
			buildActionMask = 2147483647;
			files = (
				5CAE40571BB28DAD00F0D3BF /* DYYMacroMethodGenerator.c in Sources */,
				5CAE405B1BB2B5DA00F0D3BF /* DYYStructureAlignment.c in Sources */,
				CE1FCBA41BDE6118001DF4C8 /* DYYString.c in Sources */,
				5CEE7D201BC6629200876585 /* DYYTestHumanWithStaticArray.c in Sources */,
				5CC56E801BB929090026FE13 /* DYYPrintDecimalToBinaryOutput.c in Sources */,
				5C01F2AB1BAAAF1C00365F43 /* DYYTestCheckNumbersAndReturnParentType.c in Sources */,
				CE1FCBA01BDE2FA3001DF4C8 /* DYYObject.c in Sources */,
				5CA59D751BCBC6C700DC661E /* DYYTestDecimalToBinaryOutput.c in Sources */,
				5CE241D41BA94FD4003C1A08 /* DYYCheckNumbersAndReturnParentType.c in Sources */,
				CEC926F91BE25A9700F7B926 /* DYYStaticArray.c in Sources */,
				5CE241D71BA96134003C1A08 /* DYYSizeOfCheck.c in Sources */,
				5CE241CC1BA94BF3003C1A08 /* main.c in Sources */,
				CEBB47751BE8E91300EBCEA2 /* DYYDynamicArray.c in Sources */,
				5C1556051BC3F4DD00C69799 /* DYYHuman.c in Sources */,
				CEB30E001BF3737400CF9BA6 /* DYYTestHumanWithDynamicArray.c in Sources */,
				5CB43FC61BAAD7FD002CE815 /* DYYTestReturnParentTypeAssert.c in Sources */,
			);
			runOnlyForDeploymentPostprocessing = 0;
		};
		CE40996D1BFDC1B00070530B /* Sources */ = {
			isa = PBXSourcesBuildPhase;
			buildActionMask = 2147483647;
			files = (
				CE4099781BFDD1AB0070530B /* DYYCreature.m in Sources */,
				CE782BFC1BFF492C00C74AB4 /* DYYTestCreatureObjectiveC.m in Sources */,
				CE40997B1BFDFD900070530B /* DYYCreatureArrayOfChildren.m in Sources */,
				CE4099741BFDC1B00070530B /* main.m in Sources */,
			);
			runOnlyForDeploymentPostprocessing = 0;
		};
/* End PBXSourcesBuildPhase section */

/* Begin XCBuildConfiguration section */
		5CE241CD1BA94BF3003C1A08 /* Debug */ = {
			isa = XCBuildConfiguration;
			buildSettings = {
				ALWAYS_SEARCH_USER_PATHS = NO;
				CLANG_CXX_LANGUAGE_STANDARD = "gnu++0x";
				CLANG_CXX_LIBRARY = "libc++";
				CLANG_ENABLE_MODULES = YES;
				CLANG_ENABLE_OBJC_ARC = YES;
				CLANG_WARN_BOOL_CONVERSION = YES;
				CLANG_WARN_CONSTANT_CONVERSION = YES;
				CLANG_WARN_DIRECT_OBJC_ISA_USAGE = YES_ERROR;
				CLANG_WARN_EMPTY_BODY = YES;
				CLANG_WARN_ENUM_CONVERSION = YES;
				CLANG_WARN_INT_CONVERSION = YES;
				CLANG_WARN_OBJC_ROOT_CLASS = YES_ERROR;
				CLANG_WARN_UNREACHABLE_CODE = YES;
				CLANG_WARN__DUPLICATE_METHOD_MATCH = YES;
				COPY_PHASE_STRIP = NO;
				DEBUG_INFORMATION_FORMAT = dwarf;
				ENABLE_STRICT_OBJC_MSGSEND = YES;
				GCC_C_LANGUAGE_STANDARD = gnu99;
				GCC_DYNAMIC_NO_PIC = NO;
				GCC_NO_COMMON_BLOCKS = YES;
				GCC_OPTIMIZATION_LEVEL = 0;
				GCC_PREPROCESSOR_DEFINITIONS = (
					"DEBUG=1",
					"$(inherited)",
				);
				GCC_SYMBOLS_PRIVATE_EXTERN = NO;
				GCC_WARN_64_TO_32_BIT_CONVERSION = YES;
				GCC_WARN_ABOUT_RETURN_TYPE = YES_ERROR;
				GCC_WARN_UNDECLARED_SELECTOR = YES;
				GCC_WARN_UNINITIALIZED_AUTOS = YES_AGGRESSIVE;
				GCC_WARN_UNUSED_FUNCTION = YES;
				GCC_WARN_UNUSED_VARIABLE = YES;
				MACOSX_DEPLOYMENT_TARGET = 10.10;
				MTL_ENABLE_DEBUG_INFO = YES;
				ONLY_ACTIVE_ARCH = YES;
				SDKROOT = macosx;
			};
			name = Debug;
		};
		5CE241CE1BA94BF3003C1A08 /* Release */ = {
			isa = XCBuildConfiguration;
			buildSettings = {
				ALWAYS_SEARCH_USER_PATHS = NO;
				CLANG_CXX_LANGUAGE_STANDARD = "gnu++0x";
				CLANG_CXX_LIBRARY = "libc++";
				CLANG_ENABLE_MODULES = YES;
				CLANG_ENABLE_OBJC_ARC = YES;
				CLANG_WARN_BOOL_CONVERSION = YES;
				CLANG_WARN_CONSTANT_CONVERSION = YES;
				CLANG_WARN_DIRECT_OBJC_ISA_USAGE = YES_ERROR;
				CLANG_WARN_EMPTY_BODY = YES;
				CLANG_WARN_ENUM_CONVERSION = YES;
				CLANG_WARN_INT_CONVERSION = YES;
				CLANG_WARN_OBJC_ROOT_CLASS = YES_ERROR;
				CLANG_WARN_UNREACHABLE_CODE = YES;
				CLANG_WARN__DUPLICATE_METHOD_MATCH = YES;
				COPY_PHASE_STRIP = NO;
				DEBUG_INFORMATION_FORMAT = "dwarf-with-dsym";
				ENABLE_NS_ASSERTIONS = NO;
				ENABLE_STRICT_OBJC_MSGSEND = YES;
				GCC_C_LANGUAGE_STANDARD = gnu99;
				GCC_NO_COMMON_BLOCKS = YES;
				GCC_WARN_64_TO_32_BIT_CONVERSION = YES;
				GCC_WARN_ABOUT_RETURN_TYPE = YES_ERROR;
				GCC_WARN_UNDECLARED_SELECTOR = YES;
				GCC_WARN_UNINITIALIZED_AUTOS = YES_AGGRESSIVE;
				GCC_WARN_UNUSED_FUNCTION = YES;
				GCC_WARN_UNUSED_VARIABLE = YES;
				MACOSX_DEPLOYMENT_TARGET = 10.10;
				MTL_ENABLE_DEBUG_INFO = NO;
				SDKROOT = macosx;
			};
			name = Release;
		};
		5CE241D01BA94BF3003C1A08 /* Debug */ = {
			isa = XCBuildConfiguration;
			buildSettings = {
				PRODUCT_NAME = "$(TARGET_NAME)";
			};
			name = Debug;
		};
		5CE241D11BA94BF3003C1A08 /* Release */ = {
			isa = XCBuildConfiguration;
			buildSettings = {
				PRODUCT_NAME = "$(TARGET_NAME)";
			};
			name = Release;
		};
		CE4099761BFDC1B00070530B /* Debug */ = {
			isa = XCBuildConfiguration;
			buildSettings = {
				CLANG_ENABLE_OBJC_ARC = NO;
				CODE_SIGN_IDENTITY = "-";
				ENABLE_TESTABILITY = YES;
				MACOSX_DEPLOYMENT_TARGET = 10.11;
				PRODUCT_NAME = "$(TARGET_NAME)";
			};
			name = Debug;
		};
		CE4099771BFDC1B00070530B /* Release */ = {
			isa = XCBuildConfiguration;
			buildSettings = {
				CLANG_ENABLE_OBJC_ARC = NO;
				CODE_SIGN_IDENTITY = "-";
				MACOSX_DEPLOYMENT_TARGET = 10.11;
				PRODUCT_NAME = "$(TARGET_NAME)";
			};
			name = Release;
		};
/* End XCBuildConfiguration section */

/* Begin XCConfigurationList section */
		5CE241C31BA94BF3003C1A08 /* Build configuration list for PBXProject "DYYStudyCoding" */ = {
			isa = XCConfigurationList;
			buildConfigurations = (
				5CE241CD1BA94BF3003C1A08 /* Debug */,
				5CE241CE1BA94BF3003C1A08 /* Release */,
			);
			defaultConfigurationIsVisible = 0;
			defaultConfigurationName = Release;
		};
		5CE241CF1BA94BF3003C1A08 /* Build configuration list for PBXNativeTarget "DYYStudyCoding" */ = {
			isa = XCConfigurationList;
			buildConfigurations = (
				5CE241D01BA94BF3003C1A08 /* Debug */,
				5CE241D11BA94BF3003C1A08 /* Release */,
			);
			defaultConfigurationIsVisible = 0;
			defaultConfigurationName = Release;
		};
		CE4099751BFDC1B00070530B /* Build configuration list for PBXNativeTarget "DYYStudyObjectiveC" */ = {
			isa = XCConfigurationList;
			buildConfigurations = (
				CE4099761BFDC1B00070530B /* Debug */,
				CE4099771BFDC1B00070530B /* Release */,
			);
			defaultConfigurationIsVisible = 0;
			defaultConfigurationName = Release;
		};
/* End XCConfigurationList section */
	};
	rootObject = 5CE241C01BA94BF3003C1A08 /* Project object */;
}
